// !$*UTF8*$!
{
	archiveVersion = 1;
	classes = {
	};
	objectVersion = 46;
	objects = {

/* Begin PBXBuildFile section */
		374565FC1D8CAD7E00E725D7 /* ModuleCollectionViewCell.swift in Sources */ = {isa = PBXBuildFile; fileRef = 374565FB1D8CAD7E00E725D7 /* ModuleCollectionViewCell.swift */; };
		374B1F4A1DBD26BC00965D02 /* Podfile in Resources */ = {isa = PBXBuildFile; fileRef = 374B1F491DBD26BC00965D02 /* Podfile */; };
		374B1F4C1DBD28AA00965D02 /* RadarMapViewController.swift in Sources */ = {isa = PBXBuildFile; fileRef = 374B1F4B1DBD28AA00965D02 /* RadarMapViewController.swift */; };
		3752B4DE1DE6641B0048B39B /* CoreMotion.framework in Frameworks */ = {isa = PBXBuildFile; fileRef = 3752B4DD1DE6641B0048B39B /* CoreMotion.framework */; };
		3752B4E01DE68F100048B39B /* Theme.swift in Sources */ = {isa = PBXBuildFile; fileRef = 3752B4DF1DE68F100048B39B /* Theme.swift */; };
		375F190F1DC3C2EF00BAF39B /* RadarListViewController.swift in Sources */ = {isa = PBXBuildFile; fileRef = 375F190E1DC3C2EF00BAF39B /* RadarListViewController.swift */; };
		376E3ABC1DE889B600B65023 /* NoiseLevelTableViewCell.swift in Sources */ = {isa = PBXBuildFile; fileRef = 376E3ABA1DE889B600B65023 /* NoiseLevelTableViewCell.swift */; };
		376E3ABD1DE889B600B65023 /* NoiseLevelTableViewCell.xib in Resources */ = {isa = PBXBuildFile; fileRef = 376E3ABB1DE889B600B65023 /* NoiseLevelTableViewCell.xib */; };
		37895A781D8859FE0094E286 /* ConfigurationViewController.swift in Sources */ = {isa = PBXBuildFile; fileRef = 37895A771D8859FE0094E286 /* ConfigurationViewController.swift */; };
		378E158B1D882CE400F94008 /* InputViewController.swift in Sources */ = {isa = PBXBuildFile; fileRef = 378E158A1D882CE400F94008 /* InputViewController.swift */; };
		3791F1D71DEAABF90082573B /* SettingsViewController.swift in Sources */ = {isa = PBXBuildFile; fileRef = 3791F1D61DEAABF90082573B /* SettingsViewController.swift */; };
		379F910E1DC58DE500B0493D /* CustomInfoView.swift in Sources */ = {isa = PBXBuildFile; fileRef = 379F910D1DC58DE500B0493D /* CustomInfoView.swift */; };
		379F91101DC58E0500B0493D /* CustomInfoView.xib in Resources */ = {isa = PBXBuildFile; fileRef = 379F910F1DC58E0500B0493D /* CustomInfoView.xib */; };
		379F91131DC5AB2F00B0493D /* ImageCustomInfoView.xib in Resources */ = {isa = PBXBuildFile; fileRef = 379F91121DC5AB2F00B0493D /* ImageCustomInfoView.xib */; };
		379F91151DC5AB4600B0493D /* ImageCustomInfoView.swift in Sources */ = {isa = PBXBuildFile; fileRef = 379F91141DC5AB4600B0493D /* ImageCustomInfoView.swift */; };
		379F91171DC5AF5800B0493D /* AudioCustomInfoView.swift in Sources */ = {isa = PBXBuildFile; fileRef = 379F91161DC5AF5800B0493D /* AudioCustomInfoView.swift */; };
		379F91191DC5AF6700B0493D /* AudioCustomInfoView.xib in Resources */ = {isa = PBXBuildFile; fileRef = 379F91181DC5AF6700B0493D /* AudioCustomInfoView.xib */; };
		37C0E4AA1DC67A0D00960E18 /* ForecastTableViewCell.xib in Resources */ = {isa = PBXBuildFile; fileRef = 37C0E4A91DC67A0D00960E18 /* ForecastTableViewCell.xib */; };
		37C0E4AC1DC67B2E00960E18 /* ForecastTableViewCell.swift in Sources */ = {isa = PBXBuildFile; fileRef = 37C0E4AB1DC67B2E00960E18 /* ForecastTableViewCell.swift */; };
		37C0E4AF1DC6904D00960E18 /* PlacesTableViewCell.swift in Sources */ = {isa = PBXBuildFile; fileRef = 37C0E4AD1DC6904D00960E18 /* PlacesTableViewCell.swift */; };
		37C0E4B01DC6904E00960E18 /* PlacesTableViewCell.xib in Resources */ = {isa = PBXBuildFile; fileRef = 37C0E4AE1DC6904D00960E18 /* PlacesTableViewCell.xib */; };
		37C4A1A41D8D0A2400C9AECF /* PhotoTableViewCell.swift in Sources */ = {isa = PBXBuildFile; fileRef = 37C4A1A21D8D0A2400C9AECF /* PhotoTableViewCell.swift */; };
		37C4A1A51D8D0A2400C9AECF /* PhotoTableViewCell.xib in Resources */ = {isa = PBXBuildFile; fileRef = 37C4A1A31D8D0A2400C9AECF /* PhotoTableViewCell.xib */; };
		37C4A1A81D8D0CDA00C9AECF /* TextTableViewCell.swift in Sources */ = {isa = PBXBuildFile; fileRef = 37C4A1A61D8D0CDA00C9AECF /* TextTableViewCell.swift */; };
		37C4A1A91D8D0CDA00C9AECF /* TextTableViewCell.xib in Resources */ = {isa = PBXBuildFile; fileRef = 37C4A1A71D8D0CDA00C9AECF /* TextTableViewCell.xib */; };
		37C4A1AC1D8D0F6500C9AECF /* ContactTableViewCell.swift in Sources */ = {isa = PBXBuildFile; fileRef = 37C4A1AA1D8D0F6500C9AECF /* ContactTableViewCell.swift */; };
		37C4A1AD1D8D0F6500C9AECF /* ContactTableViewCell.xib in Resources */ = {isa = PBXBuildFile; fileRef = 37C4A1AB1D8D0F6500C9AECF /* ContactTableViewCell.xib */; };
		37C4A1B01D8D104800C9AECF /* AudioTableViewCell.swift in Sources */ = {isa = PBXBuildFile; fileRef = 37C4A1AE1D8D104800C9AECF /* AudioTableViewCell.swift */; };
		37C4A1B11D8D104800C9AECF /* AudioTableViewCell.xib in Resources */ = {isa = PBXBuildFile; fileRef = 37C4A1AF1D8D104800C9AECF /* AudioTableViewCell.xib */; };
		50065981EF1239BEF07F85C0 /* Pods_Isaacs.framework in Frameworks */ = {isa = PBXBuildFile; fileRef = 15C5384E050CB1A50A2C6A65 /* Pods_Isaacs.framework */; };
		B95EC4DB1DE77A770099D3DC /* StoriesSplitViewController.swift in Sources */ = {isa = PBXBuildFile; fileRef = B95EC4DA1DE77A770099D3DC /* StoriesSplitViewController.swift */; };
		B9646F681D8A4DF3000516D9 /* Content.swift in Sources */ = {isa = PBXBuildFile; fileRef = B9646F641D8A4DF3000516D9 /* Content.swift */; };
		B9646F6A1D8A4DF3000516D9 /* Story.swift in Sources */ = {isa = PBXBuildFile; fileRef = B9646F661D8A4DF3000516D9 /* Story.swift */; };
		B964D9C61D7D018900033B13 /* PictureCaptureViewController.swift in Sources */ = {isa = PBXBuildFile; fileRef = B964D9C51D7D018900033B13 /* PictureCaptureViewController.swift */; };
		B964D9C81D7D01A700033B13 /* TextCaptureViewController.swift in Sources */ = {isa = PBXBuildFile; fileRef = B964D9C71D7D01A700033B13 /* TextCaptureViewController.swift */; };
		B964D9CA1D7D01C100033B13 /* ContactCaptureViewController.swift in Sources */ = {isa = PBXBuildFile; fileRef = B964D9C91D7D01C100033B13 /* ContactCaptureViewController.swift */; };
		B964D9CC1D7D02C900033B13 /* AudioCaptureViewController.swift in Sources */ = {isa = PBXBuildFile; fileRef = B964D9CB1D7D02C900033B13 /* AudioCaptureViewController.swift */; };
		B964D9CE1D7D02ED00033B13 /* StoryListViewController.swift in Sources */ = {isa = PBXBuildFile; fileRef = B964D9CD1D7D02ED00033B13 /* StoryListViewController.swift */; };
		B964D9D01D7D030800033B13 /* StoryDetailViewController.swift in Sources */ = {isa = PBXBuildFile; fileRef = B964D9CF1D7D030800033B13 /* StoryDetailViewController.swift */; };
		B964D9D21D7D033E00033B13 /* PictureCardCollectionViewCell.swift in Sources */ = {isa = PBXBuildFile; fileRef = B964D9D11D7D033E00033B13 /* PictureCardCollectionViewCell.swift */; };
		B964D9D41D7D035000033B13 /* TextCardCollectionViewCell.swift in Sources */ = {isa = PBXBuildFile; fileRef = B964D9D31D7D035000033B13 /* TextCardCollectionViewCell.swift */; };
		B964D9D61D7D035D00033B13 /* ContactCardCollectionViewCell.swift in Sources */ = {isa = PBXBuildFile; fileRef = B964D9D51D7D035D00033B13 /* ContactCardCollectionViewCell.swift */; };
		B964D9D81D7D037500033B13 /* AudioCardCollectionViewCell.swift in Sources */ = {isa = PBXBuildFile; fileRef = B964D9D71D7D037500033B13 /* AudioCardCollectionViewCell.swift */; };
		B964D9DA1D7D039300033B13 /* PictureCardView.xib in Resources */ = {isa = PBXBuildFile; fileRef = B964D9D91D7D039300033B13 /* PictureCardView.xib */; };
		B964D9DC1D7D03A700033B13 /* TextCardView.xib in Resources */ = {isa = PBXBuildFile; fileRef = B964D9DB1D7D03A700033B13 /* TextCardView.xib */; };
		B964D9DE1D7D03B400033B13 /* ContactCardView.xib in Resources */ = {isa = PBXBuildFile; fileRef = B964D9DD1D7D03B400033B13 /* ContactCardView.xib */; };
		B964D9E01D7D03BE00033B13 /* AudioCardView.xib in Resources */ = {isa = PBXBuildFile; fileRef = B964D9DF1D7D03BE00033B13 /* AudioCardView.xib */; };
		B96E24611D8787F800182DA3 /* ContentPersistence.swift in Sources */ = {isa = PBXBuildFile; fileRef = B96E24601D8787F800182DA3 /* ContentPersistence.swift */; };
		B991C4641D8F9ADD00621CEA /* HeaderTableViewCell.swift in Sources */ = {isa = PBXBuildFile; fileRef = B991C4631D8F9ADD00621CEA /* HeaderTableViewCell.swift */; };
		B995770C1DEA189E00BDF634 /* RadarSplitViewController.swift in Sources */ = {isa = PBXBuildFile; fileRef = B995770B1DEA189E00BDF634 /* RadarSplitViewController.swift */; };
		B9A24C441D8CE10C0007F3DD /* ContentListViewController.swift in Sources */ = {isa = PBXBuildFile; fileRef = B9A24C431D8CE10C0007F3DD /* ContentListViewController.swift */; };
		B9A24C4C1D8D132C0007F3DD /* TitleCardCollectionViewCell.swift in Sources */ = {isa = PBXBuildFile; fileRef = B9A24C4A1D8D132C0007F3DD /* TitleCardCollectionViewCell.swift */; };
		B9A24C4D1D8D132C0007F3DD /* TitleCardView.xib in Resources */ = {isa = PBXBuildFile; fileRef = B9A24C4B1D8D132C0007F3DD /* TitleCardView.xib */; };
		B9A24C501D8D2C2B0007F3DD /* JsonConverter.swift in Sources */ = {isa = PBXBuildFile; fileRef = B9A24C4F1D8D2C2B0007F3DD /* JsonConverter.swift */; };
		B9A24C521D8E050B0007F3DD /* StorySelectViewController.swift in Sources */ = {isa = PBXBuildFile; fileRef = B9A24C511D8E050B0007F3DD /* StorySelectViewController.swift */; };
		B9A24C541D8E2B5D0007F3DD /* AudioManager.swift in Sources */ = {isa = PBXBuildFile; fileRef = B9A24C531D8E2B5D0007F3DD /* AudioManager.swift */; };
		B9A24C561D8E32310007F3DD /* Utils.swift in Sources */ = {isa = PBXBuildFile; fileRef = B9A24C551D8E32310007F3DD /* Utils.swift */; };
		B9A87AB31D6C9C6D00145B93 /* AppDelegate.swift in Sources */ = {isa = PBXBuildFile; fileRef = B9A87AB21D6C9C6D00145B93 /* AppDelegate.swift */; };
		B9A87AB51D6C9C6D00145B93 /* DashboardViewController.swift in Sources */ = {isa = PBXBuildFile; fileRef = B9A87AB41D6C9C6D00145B93 /* DashboardViewController.swift */; };
		B9A87AB81D6C9C6D00145B93 /* Main.storyboard in Resources */ = {isa = PBXBuildFile; fileRef = B9A87AB61D6C9C6D00145B93 /* Main.storyboard */; };
		B9A87ABA1D6C9C6D00145B93 /* Assets.xcassets in Resources */ = {isa = PBXBuildFile; fileRef = B9A87AB91D6C9C6D00145B93 /* Assets.xcassets */; };
		B9A87ABD1D6C9C6D00145B93 /* LaunchScreen.storyboard in Resources */ = {isa = PBXBuildFile; fileRef = B9A87ABB1D6C9C6D00145B93 /* LaunchScreen.storyboard */; };
		B9A87AC81D6C9C6D00145B93 /* IsaacsTests.swift in Sources */ = {isa = PBXBuildFile; fileRef = B9A87AC71D6C9C6D00145B93 /* IsaacsTests.swift */; };
		B9ACB3C01DE7B06900087BF5 /* LocalAuthentication.framework in Frameworks */ = {isa = PBXBuildFile; fileRef = B9ACB3BF1DE7B06900087BF5 /* LocalAuthentication.framework */; };
		B9AD03911D7EF9B400466000 /* CoreData.framework in Frameworks */ = {isa = PBXBuildFile; fileRef = B9AD03901D7EF9B400466000 /* CoreData.framework */; };
		B9AD03941D7EF9F700466000 /* Stories.xcdatamodeld in Sources */ = {isa = PBXBuildFile; fileRef = B9AD03921D7EF9F700466000 /* Stories.xcdatamodeld */; };
		B9AD03CD1D7F02F400466000 /* StoryPersistence.swift in Sources */ = {isa = PBXBuildFile; fileRef = B9AD03CC1D7F02F400466000 /* StoryPersistence.swift */; };
		B9AD04491D7F715800466000 /* DataPersistence.swift in Sources */ = {isa = PBXBuildFile; fileRef = B9AD04481D7F715800466000 /* DataPersistence.swift */; };
		B9D7C7621D8F680F00F4DA8D /* HeaderReusableView.swift in Sources */ = {isa = PBXBuildFile; fileRef = B9D7C7611D8F680F00F4DA8D /* HeaderReusableView.swift */; };
/* End PBXBuildFile section */

/* Begin PBXContainerItemProxy section */
		B9A87AC41D6C9C6D00145B93 /* PBXContainerItemProxy */ = {
			isa = PBXContainerItemProxy;
			containerPortal = B9A87AA71D6C9C6C00145B93 /* Project object */;
			proxyType = 1;
			remoteGlobalIDString = B9A87AAE1D6C9C6C00145B93;
			remoteInfo = Isaacs;
		};
/* End PBXContainerItemProxy section */

/* Begin PBXFileReference section */
		15C5384E050CB1A50A2C6A65 /* Pods_Isaacs.framework */ = {isa = PBXFileReference; explicitFileType = wrapper.framework; includeInIndex = 0; path = Pods_Isaacs.framework; sourceTree = BUILT_PRODUCTS_DIR; };
		374565FB1D8CAD7E00E725D7 /* ModuleCollectionViewCell.swift */ = {isa = PBXFileReference; fileEncoding = 4; lastKnownFileType = sourcecode.swift; path = ModuleCollectionViewCell.swift; sourceTree = "<group>"; };
		374B1F491DBD26BC00965D02 /* Podfile */ = {isa = PBXFileReference; fileEncoding = 4; lastKnownFileType = text; path = Podfile; sourceTree = "<group>"; xcLanguageSpecificationIdentifier = xcode.lang.ruby; };
		374B1F4B1DBD28AA00965D02 /* RadarMapViewController.swift */ = {isa = PBXFileReference; fileEncoding = 4; lastKnownFileType = sourcecode.swift; path = RadarMapViewController.swift; sourceTree = "<group>"; };
		3752B4DD1DE6641B0048B39B /* CoreMotion.framework */ = {isa = PBXFileReference; lastKnownFileType = wrapper.framework; name = CoreMotion.framework; path = System/Library/Frameworks/CoreMotion.framework; sourceTree = SDKROOT; };
		3752B4DF1DE68F100048B39B /* Theme.swift */ = {isa = PBXFileReference; fileEncoding = 4; lastKnownFileType = sourcecode.swift; path = Theme.swift; sourceTree = "<group>"; };
		375F190E1DC3C2EF00BAF39B /* RadarListViewController.swift */ = {isa = PBXFileReference; fileEncoding = 4; lastKnownFileType = sourcecode.swift; path = RadarListViewController.swift; sourceTree = "<group>"; };
		376E3ABA1DE889B600B65023 /* NoiseLevelTableViewCell.swift */ = {isa = PBXFileReference; fileEncoding = 4; lastKnownFileType = sourcecode.swift; path = NoiseLevelTableViewCell.swift; sourceTree = "<group>"; };
		376E3ABB1DE889B600B65023 /* NoiseLevelTableViewCell.xib */ = {isa = PBXFileReference; fileEncoding = 4; lastKnownFileType = file.xib; path = NoiseLevelTableViewCell.xib; sourceTree = "<group>"; };
		37895A771D8859FE0094E286 /* ConfigurationViewController.swift */ = {isa = PBXFileReference; fileEncoding = 4; lastKnownFileType = sourcecode.swift; path = ConfigurationViewController.swift; sourceTree = "<group>"; };
		378E158A1D882CE400F94008 /* InputViewController.swift */ = {isa = PBXFileReference; fileEncoding = 4; lastKnownFileType = sourcecode.swift; path = InputViewController.swift; sourceTree = "<group>"; };
		3791F1D61DEAABF90082573B /* SettingsViewController.swift */ = {isa = PBXFileReference; fileEncoding = 4; lastKnownFileType = sourcecode.swift; path = SettingsViewController.swift; sourceTree = "<group>"; };
		379F910D1DC58DE500B0493D /* CustomInfoView.swift */ = {isa = PBXFileReference; fileEncoding = 4; lastKnownFileType = sourcecode.swift; path = CustomInfoView.swift; sourceTree = "<group>"; };
		379F910F1DC58E0500B0493D /* CustomInfoView.xib */ = {isa = PBXFileReference; fileEncoding = 4; lastKnownFileType = file.xib; path = CustomInfoView.xib; sourceTree = "<group>"; };
		379F91121DC5AB2F00B0493D /* ImageCustomInfoView.xib */ = {isa = PBXFileReference; fileEncoding = 4; lastKnownFileType = file.xib; path = ImageCustomInfoView.xib; sourceTree = "<group>"; };
		379F91141DC5AB4600B0493D /* ImageCustomInfoView.swift */ = {isa = PBXFileReference; fileEncoding = 4; lastKnownFileType = sourcecode.swift; path = ImageCustomInfoView.swift; sourceTree = "<group>"; };
		379F91161DC5AF5800B0493D /* AudioCustomInfoView.swift */ = {isa = PBXFileReference; fileEncoding = 4; lastKnownFileType = sourcecode.swift; path = AudioCustomInfoView.swift; sourceTree = "<group>"; };
		379F91181DC5AF6700B0493D /* AudioCustomInfoView.xib */ = {isa = PBXFileReference; fileEncoding = 4; lastKnownFileType = file.xib; path = AudioCustomInfoView.xib; sourceTree = "<group>"; };
		37C0E4A91DC67A0D00960E18 /* ForecastTableViewCell.xib */ = {isa = PBXFileReference; fileEncoding = 4; lastKnownFileType = file.xib; path = ForecastTableViewCell.xib; sourceTree = "<group>"; };
		37C0E4AB1DC67B2E00960E18 /* ForecastTableViewCell.swift */ = {isa = PBXFileReference; fileEncoding = 4; lastKnownFileType = sourcecode.swift; path = ForecastTableViewCell.swift; sourceTree = "<group>"; };
		37C0E4AD1DC6904D00960E18 /* PlacesTableViewCell.swift */ = {isa = PBXFileReference; fileEncoding = 4; lastKnownFileType = sourcecode.swift; path = PlacesTableViewCell.swift; sourceTree = "<group>"; };
		37C0E4AE1DC6904D00960E18 /* PlacesTableViewCell.xib */ = {isa = PBXFileReference; fileEncoding = 4; lastKnownFileType = file.xib; path = PlacesTableViewCell.xib; sourceTree = "<group>"; };
		37C4A1A21D8D0A2400C9AECF /* PhotoTableViewCell.swift */ = {isa = PBXFileReference; fileEncoding = 4; lastKnownFileType = sourcecode.swift; path = PhotoTableViewCell.swift; sourceTree = "<group>"; };
		37C4A1A31D8D0A2400C9AECF /* PhotoTableViewCell.xib */ = {isa = PBXFileReference; fileEncoding = 4; lastKnownFileType = file.xib; path = PhotoTableViewCell.xib; sourceTree = "<group>"; };
		37C4A1A61D8D0CDA00C9AECF /* TextTableViewCell.swift */ = {isa = PBXFileReference; fileEncoding = 4; lastKnownFileType = sourcecode.swift; path = TextTableViewCell.swift; sourceTree = "<group>"; };
		37C4A1A71D8D0CDA00C9AECF /* TextTableViewCell.xib */ = {isa = PBXFileReference; fileEncoding = 4; lastKnownFileType = file.xib; path = TextTableViewCell.xib; sourceTree = "<group>"; };
		37C4A1AA1D8D0F6500C9AECF /* ContactTableViewCell.swift */ = {isa = PBXFileReference; fileEncoding = 4; lastKnownFileType = sourcecode.swift; path = ContactTableViewCell.swift; sourceTree = "<group>"; };
		37C4A1AB1D8D0F6500C9AECF /* ContactTableViewCell.xib */ = {isa = PBXFileReference; fileEncoding = 4; lastKnownFileType = file.xib; path = ContactTableViewCell.xib; sourceTree = "<group>"; };
		37C4A1AE1D8D104800C9AECF /* AudioTableViewCell.swift */ = {isa = PBXFileReference; fileEncoding = 4; lastKnownFileType = sourcecode.swift; path = AudioTableViewCell.swift; sourceTree = "<group>"; };
		37C4A1AF1D8D104800C9AECF /* AudioTableViewCell.xib */ = {isa = PBXFileReference; fileEncoding = 4; lastKnownFileType = file.xib; path = AudioTableViewCell.xib; sourceTree = "<group>"; };
		B95EC4DA1DE77A770099D3DC /* StoriesSplitViewController.swift */ = {isa = PBXFileReference; fileEncoding = 4; lastKnownFileType = sourcecode.swift; path = StoriesSplitViewController.swift; sourceTree = "<group>"; };
		B9646F4B1D8A4D66000516D9 /* Isaacs-Bridging-Header.h */ = {isa = PBXFileReference; lastKnownFileType = sourcecode.c.h; path = "Isaacs-Bridging-Header.h"; sourceTree = "<group>"; };
		B9646F641D8A4DF3000516D9 /* Content.swift */ = {isa = PBXFileReference; fileEncoding = 4; lastKnownFileType = sourcecode.swift; name = Content.swift; path = ../Content.swift; sourceTree = "<group>"; };
		B9646F661D8A4DF3000516D9 /* Story.swift */ = {isa = PBXFileReference; fileEncoding = 4; lastKnownFileType = sourcecode.swift; name = Story.swift; path = ../Story.swift; sourceTree = "<group>"; };
		B964D9C51D7D018900033B13 /* PictureCaptureViewController.swift */ = {isa = PBXFileReference; fileEncoding = 4; lastKnownFileType = sourcecode.swift; path = PictureCaptureViewController.swift; sourceTree = "<group>"; };
		B964D9C71D7D01A700033B13 /* TextCaptureViewController.swift */ = {isa = PBXFileReference; fileEncoding = 4; lastKnownFileType = sourcecode.swift; path = TextCaptureViewController.swift; sourceTree = "<group>"; };
		B964D9C91D7D01C100033B13 /* ContactCaptureViewController.swift */ = {isa = PBXFileReference; fileEncoding = 4; lastKnownFileType = sourcecode.swift; path = ContactCaptureViewController.swift; sourceTree = "<group>"; };
		B964D9CB1D7D02C900033B13 /* AudioCaptureViewController.swift */ = {isa = PBXFileReference; fileEncoding = 4; lastKnownFileType = sourcecode.swift; path = AudioCaptureViewController.swift; sourceTree = "<group>"; };
		B964D9CD1D7D02ED00033B13 /* StoryListViewController.swift */ = {isa = PBXFileReference; fileEncoding = 4; lastKnownFileType = sourcecode.swift; path = StoryListViewController.swift; sourceTree = "<group>"; };
		B964D9CF1D7D030800033B13 /* StoryDetailViewController.swift */ = {isa = PBXFileReference; fileEncoding = 4; lastKnownFileType = sourcecode.swift; path = StoryDetailViewController.swift; sourceTree = "<group>"; };
		B964D9D11D7D033E00033B13 /* PictureCardCollectionViewCell.swift */ = {isa = PBXFileReference; fileEncoding = 4; lastKnownFileType = sourcecode.swift; path = PictureCardCollectionViewCell.swift; sourceTree = "<group>"; };
		B964D9D31D7D035000033B13 /* TextCardCollectionViewCell.swift */ = {isa = PBXFileReference; fileEncoding = 4; lastKnownFileType = sourcecode.swift; path = TextCardCollectionViewCell.swift; sourceTree = "<group>"; };
		B964D9D51D7D035D00033B13 /* ContactCardCollectionViewCell.swift */ = {isa = PBXFileReference; fileEncoding = 4; lastKnownFileType = sourcecode.swift; path = ContactCardCollectionViewCell.swift; sourceTree = "<group>"; };
		B964D9D71D7D037500033B13 /* AudioCardCollectionViewCell.swift */ = {isa = PBXFileReference; fileEncoding = 4; lastKnownFileType = sourcecode.swift; path = AudioCardCollectionViewCell.swift; sourceTree = "<group>"; };
		B964D9D91D7D039300033B13 /* PictureCardView.xib */ = {isa = PBXFileReference; fileEncoding = 4; lastKnownFileType = file.xib; path = PictureCardView.xib; sourceTree = "<group>"; };
		B964D9DB1D7D03A700033B13 /* TextCardView.xib */ = {isa = PBXFileReference; fileEncoding = 4; lastKnownFileType = file.xib; path = TextCardView.xib; sourceTree = "<group>"; };
		B964D9DD1D7D03B400033B13 /* ContactCardView.xib */ = {isa = PBXFileReference; fileEncoding = 4; lastKnownFileType = file.xib; path = ContactCardView.xib; sourceTree = "<group>"; };
		B964D9DF1D7D03BE00033B13 /* AudioCardView.xib */ = {isa = PBXFileReference; fileEncoding = 4; lastKnownFileType = file.xib; path = AudioCardView.xib; sourceTree = "<group>"; };
		B96E24601D8787F800182DA3 /* ContentPersistence.swift */ = {isa = PBXFileReference; fileEncoding = 4; lastKnownFileType = sourcecode.swift; path = ContentPersistence.swift; sourceTree = "<group>"; };
		B991C4631D8F9ADD00621CEA /* HeaderTableViewCell.swift */ = {isa = PBXFileReference; fileEncoding = 4; lastKnownFileType = sourcecode.swift; path = HeaderTableViewCell.swift; sourceTree = "<group>"; };
		B995770B1DEA189E00BDF634 /* RadarSplitViewController.swift */ = {isa = PBXFileReference; fileEncoding = 4; lastKnownFileType = sourcecode.swift; path = RadarSplitViewController.swift; sourceTree = "<group>"; };
		B9A24C431D8CE10C0007F3DD /* ContentListViewController.swift */ = {isa = PBXFileReference; fileEncoding = 4; lastKnownFileType = sourcecode.swift; path = ContentListViewController.swift; sourceTree = "<group>"; };
		B9A24C4A1D8D132C0007F3DD /* TitleCardCollectionViewCell.swift */ = {isa = PBXFileReference; fileEncoding = 4; lastKnownFileType = sourcecode.swift; path = TitleCardCollectionViewCell.swift; sourceTree = "<group>"; };
		B9A24C4B1D8D132C0007F3DD /* TitleCardView.xib */ = {isa = PBXFileReference; fileEncoding = 4; lastKnownFileType = file.xib; path = TitleCardView.xib; sourceTree = "<group>"; };
		B9A24C4F1D8D2C2B0007F3DD /* JsonConverter.swift */ = {isa = PBXFileReference; fileEncoding = 4; lastKnownFileType = sourcecode.swift; path = JsonConverter.swift; sourceTree = "<group>"; };
		B9A24C511D8E050B0007F3DD /* StorySelectViewController.swift */ = {isa = PBXFileReference; fileEncoding = 4; lastKnownFileType = sourcecode.swift; path = StorySelectViewController.swift; sourceTree = "<group>"; };
		B9A24C531D8E2B5D0007F3DD /* AudioManager.swift */ = {isa = PBXFileReference; fileEncoding = 4; lastKnownFileType = sourcecode.swift; path = AudioManager.swift; sourceTree = "<group>"; };
		B9A24C551D8E32310007F3DD /* Utils.swift */ = {isa = PBXFileReference; fileEncoding = 4; lastKnownFileType = sourcecode.swift; path = Utils.swift; sourceTree = "<group>"; };
		B9A87AAF1D6C9C6C00145B93 /* Isaacs.app */ = {isa = PBXFileReference; explicitFileType = wrapper.application; includeInIndex = 0; path = Isaacs.app; sourceTree = BUILT_PRODUCTS_DIR; };
		B9A87AB21D6C9C6D00145B93 /* AppDelegate.swift */ = {isa = PBXFileReference; lastKnownFileType = sourcecode.swift; path = AppDelegate.swift; sourceTree = "<group>"; };
		B9A87AB41D6C9C6D00145B93 /* DashboardViewController.swift */ = {isa = PBXFileReference; lastKnownFileType = sourcecode.swift; path = DashboardViewController.swift; sourceTree = "<group>"; };
		B9A87AB71D6C9C6D00145B93 /* Base */ = {isa = PBXFileReference; lastKnownFileType = file.storyboard; name = Base; path = Base.lproj/Main.storyboard; sourceTree = "<group>"; };
		B9A87AB91D6C9C6D00145B93 /* Assets.xcassets */ = {isa = PBXFileReference; lastKnownFileType = folder.assetcatalog; path = Assets.xcassets; sourceTree = "<group>"; };
		B9A87ABC1D6C9C6D00145B93 /* Base */ = {isa = PBXFileReference; lastKnownFileType = file.storyboard; name = Base; path = Base.lproj/LaunchScreen.storyboard; sourceTree = "<group>"; };
		B9A87ABE1D6C9C6D00145B93 /* Info.plist */ = {isa = PBXFileReference; lastKnownFileType = text.plist.xml; path = Info.plist; sourceTree = "<group>"; };
		B9A87AC31D6C9C6D00145B93 /* IsaacsTests.xctest */ = {isa = PBXFileReference; explicitFileType = wrapper.cfbundle; includeInIndex = 0; path = IsaacsTests.xctest; sourceTree = BUILT_PRODUCTS_DIR; };
		B9A87AC71D6C9C6D00145B93 /* IsaacsTests.swift */ = {isa = PBXFileReference; lastKnownFileType = sourcecode.swift; path = IsaacsTests.swift; sourceTree = "<group>"; };
		B9A87AC91D6C9C6D00145B93 /* Info.plist */ = {isa = PBXFileReference; lastKnownFileType = text.plist.xml; path = Info.plist; sourceTree = "<group>"; };
		B9ACB3BF1DE7B06900087BF5 /* LocalAuthentication.framework */ = {isa = PBXFileReference; lastKnownFileType = wrapper.framework; name = LocalAuthentication.framework; path = System/Library/Frameworks/LocalAuthentication.framework; sourceTree = SDKROOT; };
		B9AD03901D7EF9B400466000 /* CoreData.framework */ = {isa = PBXFileReference; lastKnownFileType = wrapper.framework; name = CoreData.framework; path = System/Library/Frameworks/CoreData.framework; sourceTree = SDKROOT; };
		B9AD03931D7EF9F700466000 /* Stories.xcdatamodel */ = {isa = PBXFileReference; lastKnownFileType = wrapper.xcdatamodel; path = Stories.xcdatamodel; sourceTree = "<group>"; };
		B9AD03CC1D7F02F400466000 /* StoryPersistence.swift */ = {isa = PBXFileReference; fileEncoding = 4; lastKnownFileType = sourcecode.swift; path = StoryPersistence.swift; sourceTree = "<group>"; };
		B9AD04481D7F715800466000 /* DataPersistence.swift */ = {isa = PBXFileReference; fileEncoding = 4; lastKnownFileType = sourcecode.swift; path = DataPersistence.swift; sourceTree = "<group>"; };
		B9D7C7611D8F680F00F4DA8D /* HeaderReusableView.swift */ = {isa = PBXFileReference; fileEncoding = 4; lastKnownFileType = sourcecode.swift; path = HeaderReusableView.swift; sourceTree = "<group>"; };
		DFCD6D98C9E56B0E0C126A9C /* Pods-Isaacs.release.xcconfig */ = {isa = PBXFileReference; includeInIndex = 1; lastKnownFileType = text.xcconfig; name = "Pods-Isaacs.release.xcconfig"; path = "Pods/Target Support Files/Pods-Isaacs/Pods-Isaacs.release.xcconfig"; sourceTree = "<group>"; };
		F77383D58BD8229967D5A0BF /* Pods-Isaacs.debug.xcconfig */ = {isa = PBXFileReference; includeInIndex = 1; lastKnownFileType = text.xcconfig; name = "Pods-Isaacs.debug.xcconfig"; path = "Pods/Target Support Files/Pods-Isaacs/Pods-Isaacs.debug.xcconfig"; sourceTree = "<group>"; };
/* End PBXFileReference section */

/* Begin PBXFrameworksBuildPhase section */
		B9A87AAC1D6C9C6C00145B93 /* Frameworks */ = {
			isa = PBXFrameworksBuildPhase;
			buildActionMask = 2147483647;
			files = (
				B9ACB3C01DE7B06900087BF5 /* LocalAuthentication.framework in Frameworks */,
				3752B4DE1DE6641B0048B39B /* CoreMotion.framework in Frameworks */,
				B9AD03911D7EF9B400466000 /* CoreData.framework in Frameworks */,
				50065981EF1239BEF07F85C0 /* Pods_Isaacs.framework in Frameworks */,
			);
			runOnlyForDeploymentPostprocessing = 0;
		};
		B9A87AC01D6C9C6D00145B93 /* Frameworks */ = {
			isa = PBXFrameworksBuildPhase;
			buildActionMask = 2147483647;
			files = (
			);
			runOnlyForDeploymentPostprocessing = 0;
		};
/* End PBXFrameworksBuildPhase section */

/* Begin PBXGroup section */
		133D4DDB6B77B7554CC66661 /* Frameworks */ = {
			isa = PBXGroup;
			children = (
				B9ACB3BF1DE7B06900087BF5 /* LocalAuthentication.framework */,
				3752B4DD1DE6641B0048B39B /* CoreMotion.framework */,
				15C5384E050CB1A50A2C6A65 /* Pods_Isaacs.framework */,
			);
			name = Frameworks;
			sourceTree = "<group>";
		};
		374565F81D8CACD800E725D7 /* Presentation */ = {
			isa = PBXGroup;
			children = (
				B991C4631D8F9ADD00621CEA /* HeaderTableViewCell.swift */,
				B9D7C7611D8F680F00F4DA8D /* HeaderReusableView.swift */,
				B9A24C4E1D8D13440007F3DD /* TitleCard */,
				B9AD03D21D7F105600466000 /* AudioCard */,
				B9AD03D11D7F104F00466000 /* ContactCard */,
				B9AD03D01D7F104900466000 /* TextCard */,
				B9AD03CF1D7F104300466000 /* PictureCard */,
			);
			name = Presentation;
			sourceTree = "<group>";
		};
		374565FA1D8CACFD00E725D7 /* Data Entry */ = {
			isa = PBXGroup;
			children = (
				374565FB1D8CAD7E00E725D7 /* ModuleCollectionViewCell.swift */,
				37C4A1B21D8D110A00C9AECF /* TextInputCell */,
				37C4A1B31D8D112300C9AECF /* PhotoInputCell */,
				37C4A1B41D8D112E00C9AECF /* ContactInputCell */,
				37C4A1B51D8D113800C9AECF /* AudioInputCell */,
			);
			name = "Data Entry";
			sourceTree = "<group>";
		};
		379F91111DC5AAD800B0493D /* MarkerInfoWindows */ = {
			isa = PBXGroup;
			children = (
				379F910D1DC58DE500B0493D /* CustomInfoView.swift */,
				379F910F1DC58E0500B0493D /* CustomInfoView.xib */,
				379F91121DC5AB2F00B0493D /* ImageCustomInfoView.xib */,
				379F91141DC5AB4600B0493D /* ImageCustomInfoView.swift */,
				379F91161DC5AF5800B0493D /* AudioCustomInfoView.swift */,
				379F91181DC5AF6700B0493D /* AudioCustomInfoView.xib */,
			);
			name = MarkerInfoWindows;
			sourceTree = "<group>";
		};
		37C0E4A81DC679D500960E18 /* Services */ = {
			isa = PBXGroup;
			children = (
				37C0E4A91DC67A0D00960E18 /* ForecastTableViewCell.xib */,
				37C0E4AB1DC67B2E00960E18 /* ForecastTableViewCell.swift */,
				37C0E4AD1DC6904D00960E18 /* PlacesTableViewCell.swift */,
				37C0E4AE1DC6904D00960E18 /* PlacesTableViewCell.xib */,
				376E3ABA1DE889B600B65023 /* NoiseLevelTableViewCell.swift */,
				376E3ABB1DE889B600B65023 /* NoiseLevelTableViewCell.xib */,
			);
			name = Services;
			sourceTree = "<group>";
		};
		37C4A1B21D8D110A00C9AECF /* TextInputCell */ = {
			isa = PBXGroup;
			children = (
				37C4A1A61D8D0CDA00C9AECF /* TextTableViewCell.swift */,
				37C4A1A71D8D0CDA00C9AECF /* TextTableViewCell.xib */,
			);
			name = TextInputCell;
			sourceTree = "<group>";
		};
		37C4A1B31D8D112300C9AECF /* PhotoInputCell */ = {
			isa = PBXGroup;
			children = (
				37C4A1A21D8D0A2400C9AECF /* PhotoTableViewCell.swift */,
				37C4A1A31D8D0A2400C9AECF /* PhotoTableViewCell.xib */,
			);
			name = PhotoInputCell;
			sourceTree = "<group>";
		};
		37C4A1B41D8D112E00C9AECF /* ContactInputCell */ = {
			isa = PBXGroup;
			children = (
				37C4A1AA1D8D0F6500C9AECF /* ContactTableViewCell.swift */,
				37C4A1AB1D8D0F6500C9AECF /* ContactTableViewCell.xib */,
			);
			name = ContactInputCell;
			sourceTree = "<group>";
		};
		37C4A1B51D8D113800C9AECF /* AudioInputCell */ = {
			isa = PBXGroup;
			children = (
				37C4A1AE1D8D104800C9AECF /* AudioTableViewCell.swift */,
				37C4A1AF1D8D104800C9AECF /* AudioTableViewCell.xib */,
			);
			name = AudioInputCell;
			sourceTree = "<group>";
		};
		B9646F321D8A4D04000516D9 /* Models */ = {
			isa = PBXGroup;
			children = (
				B9646F641D8A4DF3000516D9 /* Content.swift */,
				B9646F661D8A4DF3000516D9 /* Story.swift */,
			);
			name = Models;
			sourceTree = "<group>";
		};
		B964D9C01D7CFF0E00033B13 /* Controllers */ = {
			isa = PBXGroup;
			children = (
				B95EC4DA1DE77A770099D3DC /* StoriesSplitViewController.swift */,
				B995770B1DEA189E00BDF634 /* RadarSplitViewController.swift */,
				B9A87AB41D6C9C6D00145B93 /* DashboardViewController.swift */,
				B964D9C51D7D018900033B13 /* PictureCaptureViewController.swift */,
				B964D9C71D7D01A700033B13 /* TextCaptureViewController.swift */,
				B964D9C91D7D01C100033B13 /* ContactCaptureViewController.swift */,
				B964D9CB1D7D02C900033B13 /* AudioCaptureViewController.swift */,
				B964D9CD1D7D02ED00033B13 /* StoryListViewController.swift */,
				B964D9CF1D7D030800033B13 /* StoryDetailViewController.swift */,
				378E158A1D882CE400F94008 /* InputViewController.swift */,
				37895A771D8859FE0094E286 /* ConfigurationViewController.swift */,
				B9A24C431D8CE10C0007F3DD /* ContentListViewController.swift */,
				B9A24C511D8E050B0007F3DD /* StorySelectViewController.swift */,
				374B1F4B1DBD28AA00965D02 /* RadarMapViewController.swift */,
				375F190E1DC3C2EF00BAF39B /* RadarListViewController.swift */,
				3791F1D61DEAABF90082573B /* SettingsViewController.swift */,
			);
			name = Controllers;
			sourceTree = "<group>";
		};
		B964D9C41D7D005F00033B13 /* Cards */ = {
			isa = PBXGroup;
			children = (
				37C0E4A81DC679D500960E18 /* Services */,
				374565FA1D8CACFD00E725D7 /* Data Entry */,
				374565F81D8CACD800E725D7 /* Presentation */,
			);
			name = Cards;
			sourceTree = "<group>";
		};
		B9A24C4E1D8D13440007F3DD /* TitleCard */ = {
			isa = PBXGroup;
			children = (
				B9A24C4A1D8D132C0007F3DD /* TitleCardCollectionViewCell.swift */,
				B9A24C4B1D8D132C0007F3DD /* TitleCardView.xib */,
			);
			name = TitleCard;
			sourceTree = "<group>";
		};
		B9A87AA61D6C9C6C00145B93 = {
			isa = PBXGroup;
			children = (
				374B1F491DBD26BC00965D02 /* Podfile */,
				B9AD03901D7EF9B400466000 /* CoreData.framework */,
				B9A87AB11D6C9C6C00145B93 /* Isaacs */,
				B9A87AC61D6C9C6D00145B93 /* IsaacsTests */,
				B9A87AB01D6C9C6C00145B93 /* Products */,
				B9646F4B1D8A4D66000516D9 /* Isaacs-Bridging-Header.h */,
				F5ABC7FB9BB91ACBC97E612B /* Pods */,
				133D4DDB6B77B7554CC66661 /* Frameworks */,
			);
			sourceTree = "<group>";
		};
		B9A87AB01D6C9C6C00145B93 /* Products */ = {
			isa = PBXGroup;
			children = (
				B9A87AAF1D6C9C6C00145B93 /* Isaacs.app */,
				B9A87AC31D6C9C6D00145B93 /* IsaacsTests.xctest */,
			);
			name = Products;
			sourceTree = "<group>";
		};
		B9A87AB11D6C9C6C00145B93 /* Isaacs */ = {
			isa = PBXGroup;
			children = (
				379F91111DC5AAD800B0493D /* MarkerInfoWindows */,
				B9AD03921D7EF9F700466000 /* Stories.xcdatamodeld */,
				B964D9C41D7D005F00033B13 /* Cards */,
				B9AD038F1D7E60C800466000 /* Logic */,
				B9646F321D8A4D04000516D9 /* Models */,
				B964D9C01D7CFF0E00033B13 /* Controllers */,
				B9A87AB21D6C9C6D00145B93 /* AppDelegate.swift */,
				B9A87AB61D6C9C6D00145B93 /* Main.storyboard */,
				B9A87AB91D6C9C6D00145B93 /* Assets.xcassets */,
				B9A87ABB1D6C9C6D00145B93 /* LaunchScreen.storyboard */,
				B9A87ABE1D6C9C6D00145B93 /* Info.plist */,
			);
			path = Isaacs;
			sourceTree = "<group>";
		};
		B9A87AC61D6C9C6D00145B93 /* IsaacsTests */ = {
			isa = PBXGroup;
			children = (
				B9A87AC71D6C9C6D00145B93 /* IsaacsTests.swift */,
				B9A87AC91D6C9C6D00145B93 /* Info.plist */,
			);
			path = IsaacsTests;
			sourceTree = "<group>";
		};
		B9AD038F1D7E60C800466000 /* Logic */ = {
			isa = PBXGroup;
			children = (
				B9AD03CE1D7F0F9D00466000 /* Add-ins */,
				B9AD03C91D7F028800466000 /* Persistence */,
			);
			name = Logic;
			sourceTree = "<group>";
		};
		B9AD03C91D7F028800466000 /* Persistence */ = {
			isa = PBXGroup;
			children = (
				B9AD03CC1D7F02F400466000 /* StoryPersistence.swift */,
				B9AD04481D7F715800466000 /* DataPersistence.swift */,
				B96E24601D8787F800182DA3 /* ContentPersistence.swift */,
			);
			name = Persistence;
			sourceTree = "<group>";
		};
		B9AD03CE1D7F0F9D00466000 /* Add-ins */ = {
			isa = PBXGroup;
			children = (
				B9A24C4F1D8D2C2B0007F3DD /* JsonConverter.swift */,
				B9A24C531D8E2B5D0007F3DD /* AudioManager.swift */,
				B9A24C551D8E32310007F3DD /* Utils.swift */,
				3752B4DF1DE68F100048B39B /* Theme.swift */,
			);
			name = "Add-ins";
			sourceTree = "<group>";
		};
		B9AD03CF1D7F104300466000 /* PictureCard */ = {
			isa = PBXGroup;
			children = (
				B964D9D11D7D033E00033B13 /* PictureCardCollectionViewCell.swift */,
				B964D9D91D7D039300033B13 /* PictureCardView.xib */,
			);
			name = PictureCard;
			sourceTree = "<group>";
		};
		B9AD03D01D7F104900466000 /* TextCard */ = {
			isa = PBXGroup;
			children = (
				B964D9D31D7D035000033B13 /* TextCardCollectionViewCell.swift */,
				B964D9DB1D7D03A700033B13 /* TextCardView.xib */,
			);
			name = TextCard;
			sourceTree = "<group>";
		};
		B9AD03D11D7F104F00466000 /* ContactCard */ = {
			isa = PBXGroup;
			children = (
				B964D9D51D7D035D00033B13 /* ContactCardCollectionViewCell.swift */,
				B964D9DD1D7D03B400033B13 /* ContactCardView.xib */,
			);
			name = ContactCard;
			sourceTree = "<group>";
		};
		B9AD03D21D7F105600466000 /* AudioCard */ = {
			isa = PBXGroup;
			children = (
				B964D9D71D7D037500033B13 /* AudioCardCollectionViewCell.swift */,
				B964D9DF1D7D03BE00033B13 /* AudioCardView.xib */,
			);
			name = AudioCard;
			sourceTree = "<group>";
		};
		F5ABC7FB9BB91ACBC97E612B /* Pods */ = {
			isa = PBXGroup;
			children = (
				F77383D58BD8229967D5A0BF /* Pods-Isaacs.debug.xcconfig */,
				DFCD6D98C9E56B0E0C126A9C /* Pods-Isaacs.release.xcconfig */,
			);
			name = Pods;
			sourceTree = "<group>";
		};
/* End PBXGroup section */

/* Begin PBXNativeTarget section */
		B9A87AAE1D6C9C6C00145B93 /* Isaacs */ = {
			isa = PBXNativeTarget;
			buildConfigurationList = B9A87ACC1D6C9C6D00145B93 /* Build configuration list for PBXNativeTarget "Isaacs" */;
			buildPhases = (
				39F07ADA58853FFC04CA077F /* [CP] Check Pods Manifest.lock */,
				B9A87AAB1D6C9C6C00145B93 /* Sources */,
				B9A87AAC1D6C9C6C00145B93 /* Frameworks */,
				B9A87AAD1D6C9C6C00145B93 /* Resources */,
				796F193ABC932117377E9185 /* [CP] Embed Pods Frameworks */,
				91DF60D94F99639094FDADDA /* [CP] Copy Pods Resources */,
			);
			buildRules = (
			);
			dependencies = (
			);
			name = Isaacs;
			productName = Isaacs;
			productReference = B9A87AAF1D6C9C6C00145B93 /* Isaacs.app */;
			productType = "com.apple.product-type.application";
		};
		B9A87AC21D6C9C6D00145B93 /* IsaacsTests */ = {
			isa = PBXNativeTarget;
			buildConfigurationList = B9A87ACF1D6C9C6D00145B93 /* Build configuration list for PBXNativeTarget "IsaacsTests" */;
			buildPhases = (
				B9A87ABF1D6C9C6D00145B93 /* Sources */,
				B9A87AC01D6C9C6D00145B93 /* Frameworks */,
				B9A87AC11D6C9C6D00145B93 /* Resources */,
			);
			buildRules = (
			);
			dependencies = (
				B9A87AC51D6C9C6D00145B93 /* PBXTargetDependency */,
			);
			name = IsaacsTests;
			productName = IsaacsTests;
			productReference = B9A87AC31D6C9C6D00145B93 /* IsaacsTests.xctest */;
			productType = "com.apple.product-type.bundle.unit-test";
		};
/* End PBXNativeTarget section */

/* Begin PBXProject section */
		B9A87AA71D6C9C6C00145B93 /* Project object */ = {
			isa = PBXProject;
			attributes = {
				LastSwiftUpdateCheck = 0730;
				LastUpgradeCheck = 0800;
				ORGANIZATIONNAME = Inspect;
				TargetAttributes = {
					B9A87AAE1D6C9C6C00145B93 = {
						CreatedOnToolsVersion = 7.3.1;
						DevelopmentTeam = 26S848YXBM;
						LastSwiftMigration = 0800;
					};
					B9A87AC21D6C9C6D00145B93 = {
						CreatedOnToolsVersion = 7.3.1;
						LastSwiftMigration = 0800;
						TestTargetID = B9A87AAE1D6C9C6C00145B93;
					};
				};
			};
			buildConfigurationList = B9A87AAA1D6C9C6C00145B93 /* Build configuration list for PBXProject "Isaacs" */;
			compatibilityVersion = "Xcode 3.2";
			developmentRegion = English;
			hasScannedForEncodings = 0;
			knownRegions = (
				en,
				Base,
			);
			mainGroup = B9A87AA61D6C9C6C00145B93;
			productRefGroup = B9A87AB01D6C9C6C00145B93 /* Products */;
			projectDirPath = "";
			projectRoot = "";
			targets = (
				B9A87AAE1D6C9C6C00145B93 /* Isaacs */,
				B9A87AC21D6C9C6D00145B93 /* IsaacsTests */,
			);
		};
/* End PBXProject section */

/* Begin PBXResourcesBuildPhase section */
		B9A87AAD1D6C9C6C00145B93 /* Resources */ = {
			isa = PBXResourcesBuildPhase;
			buildActionMask = 2147483647;
			files = (
				B964D9DC1D7D03A700033B13 /* TextCardView.xib in Resources */,
				37C0E4B01DC6904E00960E18 /* PlacesTableViewCell.xib in Resources */,
				37C4A1B11D8D104800C9AECF /* AudioTableViewCell.xib in Resources */,
				B964D9DE1D7D03B400033B13 /* ContactCardView.xib in Resources */,
				376E3ABD1DE889B600B65023 /* NoiseLevelTableViewCell.xib in Resources */,
				B9A24C4D1D8D132C0007F3DD /* TitleCardView.xib in Resources */,
				B9A87ABD1D6C9C6D00145B93 /* LaunchScreen.storyboard in Resources */,
				B964D9E01D7D03BE00033B13 /* AudioCardView.xib in Resources */,
				37C4A1A51D8D0A2400C9AECF /* PhotoTableViewCell.xib in Resources */,
				B964D9DA1D7D039300033B13 /* PictureCardView.xib in Resources */,
				B9A87ABA1D6C9C6D00145B93 /* Assets.xcassets in Resources */,
				374B1F4A1DBD26BC00965D02 /* Podfile in Resources */,
				B9A87AB81D6C9C6D00145B93 /* Main.storyboard in Resources */,
				379F91101DC58E0500B0493D /* CustomInfoView.xib in Resources */,
				379F91191DC5AF6700B0493D /* AudioCustomInfoView.xib in Resources */,
				37C0E4AA1DC67A0D00960E18 /* ForecastTableViewCell.xib in Resources */,
				37C4A1AD1D8D0F6500C9AECF /* ContactTableViewCell.xib in Resources */,
				37C4A1A91D8D0CDA00C9AECF /* TextTableViewCell.xib in Resources */,
				379F91131DC5AB2F00B0493D /* ImageCustomInfoView.xib in Resources */,
			);
			runOnlyForDeploymentPostprocessing = 0;
		};
		B9A87AC11D6C9C6D00145B93 /* Resources */ = {
			isa = PBXResourcesBuildPhase;
			buildActionMask = 2147483647;
			files = (
			);
			runOnlyForDeploymentPostprocessing = 0;
		};
/* End PBXResourcesBuildPhase section */

/* Begin PBXShellScriptBuildPhase section */
		39F07ADA58853FFC04CA077F /* [CP] Check Pods Manifest.lock */ = {
			isa = PBXShellScriptBuildPhase;
			buildActionMask = 2147483647;
			files = (
			);
			inputPaths = (
			);
			name = "[CP] Check Pods Manifest.lock";
			outputPaths = (
			);
			runOnlyForDeploymentPostprocessing = 0;
			shellPath = /bin/sh;
			shellScript = "diff \"${PODS_ROOT}/../Podfile.lock\" \"${PODS_ROOT}/Manifest.lock\" > /dev/null\nif [ $? != 0 ] ; then\n    # print error to STDERR\n    echo \"error: The sandbox is not in sync with the Podfile.lock. Run 'pod install' or update your CocoaPods installation.\" >&2\n    exit 1\nfi\n";
			showEnvVarsInLog = 0;
		};
		796F193ABC932117377E9185 /* [CP] Embed Pods Frameworks */ = {
			isa = PBXShellScriptBuildPhase;
			buildActionMask = 2147483647;
			files = (
			);
			inputPaths = (
			);
			name = "[CP] Embed Pods Frameworks";
			outputPaths = (
			);
			runOnlyForDeploymentPostprocessing = 0;
			shellPath = /bin/sh;
			shellScript = "\"${SRCROOT}/Pods/Target Support Files/Pods-Isaacs/Pods-Isaacs-frameworks.sh\"\n";
			showEnvVarsInLog = 0;
		};
		91DF60D94F99639094FDADDA /* [CP] Copy Pods Resources */ = {
			isa = PBXShellScriptBuildPhase;
			buildActionMask = 2147483647;
			files = (
			);
			inputPaths = (
			);
			name = "[CP] Copy Pods Resources";
			outputPaths = (
			);
			runOnlyForDeploymentPostprocessing = 0;
			shellPath = /bin/sh;
			shellScript = "\"${SRCROOT}/Pods/Target Support Files/Pods-Isaacs/Pods-Isaacs-resources.sh\"\n";
			showEnvVarsInLog = 0;
		};
/* End PBXShellScriptBuildPhase section */

/* Begin PBXSourcesBuildPhase section */
		B9A87AAB1D6C9C6C00145B93 /* Sources */ = {
			isa = PBXSourcesBuildPhase;
			buildActionMask = 2147483647;
			files = (
				37C0E4AF1DC6904D00960E18 /* PlacesTableViewCell.swift in Sources */,
				374B1F4C1DBD28AA00965D02 /* RadarMapViewController.swift in Sources */,
				B9A24C521D8E050B0007F3DD /* StorySelectViewController.swift in Sources */,
				B995770C1DEA189E00BDF634 /* RadarSplitViewController.swift in Sources */,
				37C4A1A41D8D0A2400C9AECF /* PhotoTableViewCell.swift in Sources */,
				B964D9D21D7D033E00033B13 /* PictureCardCollectionViewCell.swift in Sources */,
				379F91171DC5AF5800B0493D /* AudioCustomInfoView.swift in Sources */,
				B964D9D81D7D037500033B13 /* AudioCardCollectionViewCell.swift in Sources */,
				3791F1D71DEAABF90082573B /* SettingsViewController.swift in Sources */,
				378E158B1D882CE400F94008 /* InputViewController.swift in Sources */,
				37C4A1AC1D8D0F6500C9AECF /* ContactTableViewCell.swift in Sources */,
				379F91151DC5AB4600B0493D /* ImageCustomInfoView.swift in Sources */,
				B964D9CA1D7D01C100033B13 /* ContactCaptureViewController.swift in Sources */,
				B9A87AB51D6C9C6D00145B93 /* DashboardViewController.swift in Sources */,
				B964D9C61D7D018900033B13 /* PictureCaptureViewController.swift in Sources */,
				37C4A1B01D8D104800C9AECF /* AudioTableViewCell.swift in Sources */,
				375F190F1DC3C2EF00BAF39B /* RadarListViewController.swift in Sources */,
				B9D7C7621D8F680F00F4DA8D /* HeaderReusableView.swift in Sources */,
				B96E24611D8787F800182DA3 /* ContentPersistence.swift in Sources */,
				37C0E4AC1DC67B2E00960E18 /* ForecastTableViewCell.swift in Sources */,
				B95EC4DB1DE77A770099D3DC /* StoriesSplitViewController.swift in Sources */,
				B964D9C81D7D01A700033B13 /* TextCaptureViewController.swift in Sources */,
				374565FC1D8CAD7E00E725D7 /* ModuleCollectionViewCell.swift in Sources */,
				376E3ABC1DE889B600B65023 /* NoiseLevelTableViewCell.swift in Sources */,
				B9AD04491D7F715800466000 /* DataPersistence.swift in Sources */,
				B9A24C441D8CE10C0007F3DD /* ContentListViewController.swift in Sources */,
				B991C4641D8F9ADD00621CEA /* HeaderTableViewCell.swift in Sources */,
				B9646F681D8A4DF3000516D9 /* Content.swift in Sources */,
				379F910E1DC58DE500B0493D /* CustomInfoView.swift in Sources */,
				B9A24C501D8D2C2B0007F3DD /* JsonConverter.swift in Sources */,
				B9AD03CD1D7F02F400466000 /* StoryPersistence.swift in Sources */,
				3752B4E01DE68F100048B39B /* Theme.swift in Sources */,
				37895A781D8859FE0094E286 /* ConfigurationViewController.swift in Sources */,
				B9A24C4C1D8D132C0007F3DD /* TitleCardCollectionViewCell.swift in Sources */,
				B964D9D61D7D035D00033B13 /* ContactCardCollectionViewCell.swift in Sources */,
				B964D9CC1D7D02C900033B13 /* AudioCaptureViewController.swift in Sources */,
				B9646F6A1D8A4DF3000516D9 /* Story.swift in Sources */,
				B9A24C561D8E32310007F3DD /* Utils.swift in Sources */,
				B964D9D41D7D035000033B13 /* TextCardCollectionViewCell.swift in Sources */,
				37C4A1A81D8D0CDA00C9AECF /* TextTableViewCell.swift in Sources */,
				B9A24C541D8E2B5D0007F3DD /* AudioManager.swift in Sources */,
				B964D9D01D7D030800033B13 /* StoryDetailViewController.swift in Sources */,
				B964D9CE1D7D02ED00033B13 /* StoryListViewController.swift in Sources */,
				B9A87AB31D6C9C6D00145B93 /* AppDelegate.swift in Sources */,
				B9AD03941D7EF9F700466000 /* Stories.xcdatamodeld in Sources */,
			);
			runOnlyForDeploymentPostprocessing = 0;
		};
		B9A87ABF1D6C9C6D00145B93 /* Sources */ = {
			isa = PBXSourcesBuildPhase;
			buildActionMask = 2147483647;
			files = (
				B9A87AC81D6C9C6D00145B93 /* IsaacsTests.swift in Sources */,
			);
			runOnlyForDeploymentPostprocessing = 0;
		};
/* End PBXSourcesBuildPhase section */

/* Begin PBXTargetDependency section */
		B9A87AC51D6C9C6D00145B93 /* PBXTargetDependency */ = {
			isa = PBXTargetDependency;
			target = B9A87AAE1D6C9C6C00145B93 /* Isaacs */;
			targetProxy = B9A87AC41D6C9C6D00145B93 /* PBXContainerItemProxy */;
		};
/* End PBXTargetDependency section */

/* Begin PBXVariantGroup section */
		B9A87AB61D6C9C6D00145B93 /* Main.storyboard */ = {
			isa = PBXVariantGroup;
			children = (
				B9A87AB71D6C9C6D00145B93 /* Base */,
			);
			name = Main.storyboard;
			sourceTree = "<group>";
		};
		B9A87ABB1D6C9C6D00145B93 /* LaunchScreen.storyboard */ = {
			isa = PBXVariantGroup;
			children = (
				B9A87ABC1D6C9C6D00145B93 /* Base */,
			);
			name = LaunchScreen.storyboard;
			sourceTree = "<group>";
		};
/* End PBXVariantGroup section */

/* Begin XCBuildConfiguration section */
		B9A87ACA1D6C9C6D00145B93 /* Debug */ = {
			isa = XCBuildConfiguration;
			buildSettings = {
				ALWAYS_SEARCH_USER_PATHS = NO;
				CLANG_ANALYZER_NONNULL = YES;
				CLANG_CXX_LANGUAGE_STANDARD = "gnu++0x";
				CLANG_CXX_LIBRARY = "libc++";
				CLANG_ENABLE_MODULES = YES;
				CLANG_ENABLE_OBJC_ARC = YES;
				CLANG_WARN_BOOL_CONVERSION = YES;
				CLANG_WARN_CONSTANT_CONVERSION = YES;
				CLANG_WARN_DIRECT_OBJC_ISA_USAGE = YES_ERROR;
				CLANG_WARN_EMPTY_BODY = YES;
				CLANG_WARN_ENUM_CONVERSION = YES;
				CLANG_WARN_INFINITE_RECURSION = YES;
				CLANG_WARN_INT_CONVERSION = YES;
				CLANG_WARN_OBJC_ROOT_CLASS = YES_ERROR;
				CLANG_WARN_SUSPICIOUS_MOVE = YES;
				CLANG_WARN_UNREACHABLE_CODE = YES;
				CLANG_WARN__DUPLICATE_METHOD_MATCH = YES;
				"CODE_SIGN_IDENTITY[sdk=iphoneos*]" = "iPhone Developer";
				COPY_PHASE_STRIP = NO;
				DEBUG_INFORMATION_FORMAT = dwarf;
				ENABLE_STRICT_OBJC_MSGSEND = YES;
				ENABLE_TESTABILITY = YES;
				GCC_C_LANGUAGE_STANDARD = gnu99;
				GCC_DYNAMIC_NO_PIC = NO;
				GCC_NO_COMMON_BLOCKS = YES;
				GCC_OPTIMIZATION_LEVEL = 0;
				GCC_PREPROCESSOR_DEFINITIONS = (
					"DEBUG=1",
					"$(inherited)",
				);
				GCC_WARN_64_TO_32_BIT_CONVERSION = YES;
				GCC_WARN_ABOUT_RETURN_TYPE = YES_ERROR;
				GCC_WARN_UNDECLARED_SELECTOR = YES;
				GCC_WARN_UNINITIALIZED_AUTOS = YES_AGGRESSIVE;
				GCC_WARN_UNUSED_FUNCTION = YES;
				GCC_WARN_UNUSED_VARIABLE = YES;
				IPHONEOS_DEPLOYMENT_TARGET = 9.3;
				MTL_ENABLE_DEBUG_INFO = YES;
				ONLY_ACTIVE_ARCH = YES;
				SDKROOT = iphoneos;
				SWIFT_OPTIMIZATION_LEVEL = "-Onone";
				TARGETED_DEVICE_FAMILY = "1,2";
			};
			name = Debug;
		};
		B9A87ACB1D6C9C6D00145B93 /* Release */ = {
			isa = XCBuildConfiguration;
			buildSettings = {
				ALWAYS_SEARCH_USER_PATHS = NO;
				CLANG_ANALYZER_NONNULL = YES;
				CLANG_CXX_LANGUAGE_STANDARD = "gnu++0x";
				CLANG_CXX_LIBRARY = "libc++";
				CLANG_ENABLE_MODULES = YES;
				CLANG_ENABLE_OBJC_ARC = YES;
				CLANG_WARN_BOOL_CONVERSION = YES;
				CLANG_WARN_CONSTANT_CONVERSION = YES;
				CLANG_WARN_DIRECT_OBJC_ISA_USAGE = YES_ERROR;
				CLANG_WARN_EMPTY_BODY = YES;
				CLANG_WARN_ENUM_CONVERSION = YES;
				CLANG_WARN_INFINITE_RECURSION = YES;
				CLANG_WARN_INT_CONVERSION = YES;
				CLANG_WARN_OBJC_ROOT_CLASS = YES_ERROR;
				CLANG_WARN_SUSPICIOUS_MOVE = YES;
				CLANG_WARN_UNREACHABLE_CODE = YES;
				CLANG_WARN__DUPLICATE_METHOD_MATCH = YES;
				"CODE_SIGN_IDENTITY[sdk=iphoneos*]" = "iPhone Developer";
				COPY_PHASE_STRIP = NO;
				DEBUG_INFORMATION_FORMAT = "dwarf-with-dsym";
				ENABLE_NS_ASSERTIONS = NO;
				ENABLE_STRICT_OBJC_MSGSEND = YES;
				GCC_C_LANGUAGE_STANDARD = gnu99;
				GCC_NO_COMMON_BLOCKS = YES;
				GCC_WARN_64_TO_32_BIT_CONVERSION = YES;
				GCC_WARN_ABOUT_RETURN_TYPE = YES_ERROR;
				GCC_WARN_UNDECLARED_SELECTOR = YES;
				GCC_WARN_UNINITIALIZED_AUTOS = YES_AGGRESSIVE;
				GCC_WARN_UNUSED_FUNCTION = YES;
				GCC_WARN_UNUSED_VARIABLE = YES;
				IPHONEOS_DEPLOYMENT_TARGET = 9.3;
				MTL_ENABLE_DEBUG_INFO = NO;
				SDKROOT = iphoneos;
				SWIFT_OPTIMIZATION_LEVEL = "-Owholemodule";
				TARGETED_DEVICE_FAMILY = "1,2";
				VALIDATE_PRODUCT = YES;
			};
			name = Release;
		};
		B9A87ACD1D6C9C6D00145B93 /* Debug */ = {
			isa = XCBuildConfiguration;
			baseConfigurationReference = F77383D58BD8229967D5A0BF /* Pods-Isaacs.debug.xcconfig */;
			buildSettings = {
				ASSETCATALOG_COMPILER_APPICON_NAME = AppIcon;
				CLANG_ENABLE_MODULES = YES;
				DEVELOPMENT_TEAM = 26S848YXBM;
				INFOPLIST_FILE = Isaacs/Info.plist;
				LD_RUNPATH_SEARCH_PATHS = "$(inherited) @executable_path/Frameworks";
				PRODUCT_BUNDLE_IDENTIFIER = com.Isaacs.nuev;
				PRODUCT_NAME = "$(TARGET_NAME)";
				SWIFT_OBJC_BRIDGING_HEADER = "Isaacs-Bridging-Header.h";
				SWIFT_OPTIMIZATION_LEVEL = "-Onone";
				SWIFT_VERSION = 2.3;
			};
			name = Debug;
		};
		B9A87ACE1D6C9C6D00145B93 /* Release */ = {
			isa = XCBuildConfiguration;
			baseConfigurationReference = DFCD6D98C9E56B0E0C126A9C /* Pods-Isaacs.release.xcconfig */;
			buildSettings = {
				ASSETCATALOG_COMPILER_APPICON_NAME = AppIcon;
				CLANG_ENABLE_MODULES = YES;
				DEVELOPMENT_TEAM = 26S848YXBM;
				INFOPLIST_FILE = Isaacs/Info.plist;
				LD_RUNPATH_SEARCH_PATHS = "$(inherited) @executable_path/Frameworks";
				PRODUCT_BUNDLE_IDENTIFIER = com.Isaacs.nuev;
				PRODUCT_NAME = "$(TARGET_NAME)";
				SWIFT_OBJC_BRIDGING_HEADER = "Isaacs-Bridging-Header.h";
				SWIFT_VERSION = 2.3;
			};
			name = Release;
		};
		B9A87AD01D6C9C6D00145B93 /* Debug */ = {
			isa = XCBuildConfiguration;
			buildSettings = {
				BUNDLE_LOADER = "$(TEST_HOST)";
				INFOPLIST_FILE = IsaacsTests/Info.plist;
				LD_RUNPATH_SEARCH_PATHS = "$(inherited) @executable_path/Frameworks @loader_path/Frameworks";
				PRODUCT_BUNDLE_IDENTIFIER = com.inspect.IsaacsTests;
				PRODUCT_NAME = "$(TARGET_NAME)";
				SWIFT_VERSION = 2.3;
				TEST_HOST = "$(BUILT_PRODUCTS_DIR)/Isaacs.app/Isaacs";
			};
			name = Debug;
		};
		B9A87AD11D6C9C6D00145B93 /* Release */ = {
			isa = XCBuildConfiguration;
			buildSettings = {
				BUNDLE_LOADER = "$(TEST_HOST)";
				INFOPLIST_FILE = IsaacsTests/Info.plist;
				LD_RUNPATH_SEARCH_PATHS = "$(inherited) @executable_path/Frameworks @loader_path/Frameworks";
				PRODUCT_BUNDLE_IDENTIFIER = com.inspect.IsaacsTests;
				PRODUCT_NAME = "$(TARGET_NAME)";
				SWIFT_VERSION = 2.3;
				TEST_HOST = "$(BUILT_PRODUCTS_DIR)/Isaacs.app/Isaacs";
			};
			name = Release;
		};
/* End XCBuildConfiguration section */

/* Begin XCConfigurationList section */
		B9A87AAA1D6C9C6C00145B93 /* Build configuration list for PBXProject "Isaacs" */ = {
			isa = XCConfigurationList;
			buildConfigurations = (
				B9A87ACA1D6C9C6D00145B93 /* Debug */,
				B9A87ACB1D6C9C6D00145B93 /* Release */,
			);
			defaultConfigurationIsVisible = 0;
			defaultConfigurationName = Release;
		};
		B9A87ACC1D6C9C6D00145B93 /* Build configuration list for PBXNativeTarget "Isaacs" */ = {
			isa = XCConfigurationList;
			buildConfigurations = (
				B9A87ACD1D6C9C6D00145B93 /* Debug */,
				B9A87ACE1D6C9C6D00145B93 /* Release */,
			);
			defaultConfigurationIsVisible = 0;
			defaultConfigurationName = Release;
		};
		B9A87ACF1D6C9C6D00145B93 /* Build configuration list for PBXNativeTarget "IsaacsTests" */ = {
			isa = XCConfigurationList;
			buildConfigurations = (
				B9A87AD01D6C9C6D00145B93 /* Debug */,
				B9A87AD11D6C9C6D00145B93 /* Release */,
			);
			defaultConfigurationIsVisible = 0;
			defaultConfigurationName = Release;
		};
/* End XCConfigurationList section */

/* Begin XCVersionGroup section */
		B9AD03921D7EF9F700466000 /* Stories.xcdatamodeld */ = {
			isa = XCVersionGroup;
			children = (
				B9AD03931D7EF9F700466000 /* Stories.xcdatamodel */,
			);
			currentVersion = B9AD03931D7EF9F700466000 /* Stories.xcdatamodel */;
			name = Stories.xcdatamodeld;
			path = ../Stories.xcdatamodeld;
			sourceTree = "<group>";
			versionGroupType = wrapper.xcdatamodel;
		};
/* End XCVersionGroup section */
	};
	rootObject = B9A87AA71D6C9C6C00145B93 /* Project object */;
}
