// !$*UTF8*$!
{
	archiveVersion = 1;
	classes = {
	};
	objectVersion = 46;
	objects = {

/* Begin PBXBuildFile section */
		374565F01D8CABDC00E725D7 /* PhotoTableViewCell.swift in Sources */ = {isa = PBXBuildFile; fileRef = 374565EF1D8CABDC00E725D7 /* PhotoTableViewCell.swift */; };
		374565F21D8CABF100E725D7 /* TextTableViewCell.swift in Sources */ = {isa = PBXBuildFile; fileRef = 374565F11D8CABF100E725D7 /* TextTableViewCell.swift */; };
		374565F41D8CAC3300E725D7 /* ContactTableViewCell.swift in Sources */ = {isa = PBXBuildFile; fileRef = 374565F31D8CAC3300E725D7 /* ContactTableViewCell.swift */; };
		374565F61D8CAC4B00E725D7 /* RecordTableViewCell.swift in Sources */ = {isa = PBXBuildFile; fileRef = 374565F51D8CAC4B00E725D7 /* RecordTableViewCell.swift */; };
		374565FC1D8CAD7E00E725D7 /* ModuleCollectionViewCell.swift in Sources */ = {isa = PBXBuildFile; fileRef = 374565FB1D8CAD7E00E725D7 /* ModuleCollectionViewCell.swift */; };
		37895A781D8859FE0094E286 /* ConfigurationViewController.swift in Sources */ = {isa = PBXBuildFile; fileRef = 37895A771D8859FE0094E286 /* ConfigurationViewController.swift */; };
		378E158B1D882CE400F94008 /* InputViewController.swift in Sources */ = {isa = PBXBuildFile; fileRef = 378E158A1D882CE400F94008 /* InputViewController.swift */; };
		37FCEE441D7FA55500A74FDC /* TagsRecomendator.swift in Sources */ = {isa = PBXBuildFile; fileRef = 37FCEE431D7FA55500A74FDC /* TagsRecomendator.swift */; };
		B9646F681D8A4DF3000516D9 /* Content.swift in Sources */ = {isa = PBXBuildFile; fileRef = B9646F641D8A4DF3000516D9 /* Content.swift */; };
		B9646F6A1D8A4DF3000516D9 /* Story.swift in Sources */ = {isa = PBXBuildFile; fileRef = B9646F661D8A4DF3000516D9 /* Story.swift */; };
		B964D9C61D7D018900033B13 /* PictureCaptureViewController.swift in Sources */ = {isa = PBXBuildFile; fileRef = B964D9C51D7D018900033B13 /* PictureCaptureViewController.swift */; };
		B964D9C81D7D01A700033B13 /* TextCaptureViewController.swift in Sources */ = {isa = PBXBuildFile; fileRef = B964D9C71D7D01A700033B13 /* TextCaptureViewController.swift */; };
		B964D9CA1D7D01C100033B13 /* ContactCaptureViewController.swift in Sources */ = {isa = PBXBuildFile; fileRef = B964D9C91D7D01C100033B13 /* ContactCaptureViewController.swift */; };
		B964D9CC1D7D02C900033B13 /* AudioCaptureViewController.swift in Sources */ = {isa = PBXBuildFile; fileRef = B964D9CB1D7D02C900033B13 /* AudioCaptureViewController.swift */; };
		B964D9CE1D7D02ED00033B13 /* StoryListViewController.swift in Sources */ = {isa = PBXBuildFile; fileRef = B964D9CD1D7D02ED00033B13 /* StoryListViewController.swift */; };
		B964D9D01D7D030800033B13 /* StoryDetailViewController.swift in Sources */ = {isa = PBXBuildFile; fileRef = B964D9CF1D7D030800033B13 /* StoryDetailViewController.swift */; };
		B964D9D21D7D033E00033B13 /* PictureCardCollectionViewCell.swift in Sources */ = {isa = PBXBuildFile; fileRef = B964D9D11D7D033E00033B13 /* PictureCardCollectionViewCell.swift */; };
		B964D9D41D7D035000033B13 /* TextCardCollectionViewCell.swift in Sources */ = {isa = PBXBuildFile; fileRef = B964D9D31D7D035000033B13 /* TextCardCollectionViewCell.swift */; };
		B964D9D61D7D035D00033B13 /* ContactCardCollectionViewCell.swift in Sources */ = {isa = PBXBuildFile; fileRef = B964D9D51D7D035D00033B13 /* ContactCardCollectionViewCell.swift */; };
		B964D9D81D7D037500033B13 /* AudioCardCollectionViewCell.swift in Sources */ = {isa = PBXBuildFile; fileRef = B964D9D71D7D037500033B13 /* AudioCardCollectionViewCell.swift */; };
		B964D9DA1D7D039300033B13 /* PictureCardView.xib in Resources */ = {isa = PBXBuildFile; fileRef = B964D9D91D7D039300033B13 /* PictureCardView.xib */; };
		B964D9DC1D7D03A700033B13 /* TextCardView.xib in Resources */ = {isa = PBXBuildFile; fileRef = B964D9DB1D7D03A700033B13 /* TextCardView.xib */; };
		B964D9DE1D7D03B400033B13 /* ContactCardView.xib in Resources */ = {isa = PBXBuildFile; fileRef = B964D9DD1D7D03B400033B13 /* ContactCardView.xib */; };
		B964D9E01D7D03BE00033B13 /* AudioCardView.xib in Resources */ = {isa = PBXBuildFile; fileRef = B964D9DF1D7D03BE00033B13 /* AudioCardView.xib */; };
		B96E24611D8787F800182DA3 /* ContentPersistence.swift in Sources */ = {isa = PBXBuildFile; fileRef = B96E24601D8787F800182DA3 /* ContentPersistence.swift */; };
		B9A87AB31D6C9C6D00145B93 /* AppDelegate.swift in Sources */ = {isa = PBXBuildFile; fileRef = B9A87AB21D6C9C6D00145B93 /* AppDelegate.swift */; };
		B9A87AB51D6C9C6D00145B93 /* DashboardViewController.swift in Sources */ = {isa = PBXBuildFile; fileRef = B9A87AB41D6C9C6D00145B93 /* DashboardViewController.swift */; };
		B9A87AB81D6C9C6D00145B93 /* Main.storyboard in Resources */ = {isa = PBXBuildFile; fileRef = B9A87AB61D6C9C6D00145B93 /* Main.storyboard */; };
		B9A87ABA1D6C9C6D00145B93 /* Assets.xcassets in Resources */ = {isa = PBXBuildFile; fileRef = B9A87AB91D6C9C6D00145B93 /* Assets.xcassets */; };
		B9A87ABD1D6C9C6D00145B93 /* LaunchScreen.storyboard in Resources */ = {isa = PBXBuildFile; fileRef = B9A87ABB1D6C9C6D00145B93 /* LaunchScreen.storyboard */; };
		B9A87AC81D6C9C6D00145B93 /* IsaacsTests.swift in Sources */ = {isa = PBXBuildFile; fileRef = B9A87AC71D6C9C6D00145B93 /* IsaacsTests.swift */; };
		B9AD03911D7EF9B400466000 /* CoreData.framework in Frameworks */ = {isa = PBXBuildFile; fileRef = B9AD03901D7EF9B400466000 /* CoreData.framework */; };
		B9AD03941D7EF9F700466000 /* Stories.xcdatamodeld in Sources */ = {isa = PBXBuildFile; fileRef = B9AD03921D7EF9F700466000 /* Stories.xcdatamodeld */; };
		B9AD03CD1D7F02F400466000 /* StoryPersistence.swift in Sources */ = {isa = PBXBuildFile; fileRef = B9AD03CC1D7F02F400466000 /* StoryPersistence.swift */; };
		B9AD04491D7F715800466000 /* DataPersistence.swift in Sources */ = {isa = PBXBuildFile; fileRef = B9AD04481D7F715800466000 /* DataPersistence.swift */; };
/* End PBXBuildFile section */

/* Begin PBXContainerItemProxy section */
		B9A87AC41D6C9C6D00145B93 /* PBXContainerItemProxy */ = {
			isa = PBXContainerItemProxy;
			containerPortal = B9A87AA71D6C9C6C00145B93 /* Project object */;
			proxyType = 1;
			remoteGlobalIDString = B9A87AAE1D6C9C6C00145B93;
			remoteInfo = Isaacs;
		};
/* End PBXContainerItemProxy section */

/* Begin PBXFileReference section */
		374565EF1D8CABDC00E725D7 /* PhotoTableViewCell.swift */ = {isa = PBXFileReference; fileEncoding = 4; lastKnownFileType = sourcecode.swift; path = PhotoTableViewCell.swift; sourceTree = "<group>"; };
		374565F11D8CABF100E725D7 /* TextTableViewCell.swift */ = {isa = PBXFileReference; fileEncoding = 4; lastKnownFileType = sourcecode.swift; path = TextTableViewCell.swift; sourceTree = "<group>"; };
		374565F31D8CAC3300E725D7 /* ContactTableViewCell.swift */ = {isa = PBXFileReference; fileEncoding = 4; lastKnownFileType = sourcecode.swift; path = ContactTableViewCell.swift; sourceTree = "<group>"; };
		374565F51D8CAC4B00E725D7 /* RecordTableViewCell.swift */ = {isa = PBXFileReference; fileEncoding = 4; lastKnownFileType = sourcecode.swift; path = RecordTableViewCell.swift; sourceTree = "<group>"; };
		374565FB1D8CAD7E00E725D7 /* ModuleCollectionViewCell.swift */ = {isa = PBXFileReference; fileEncoding = 4; lastKnownFileType = sourcecode.swift; path = ModuleCollectionViewCell.swift; sourceTree = "<group>"; };
		37895A771D8859FE0094E286 /* ConfigurationViewController.swift */ = {isa = PBXFileReference; fileEncoding = 4; lastKnownFileType = sourcecode.swift; path = ConfigurationViewController.swift; sourceTree = "<group>"; };
		378E158A1D882CE400F94008 /* InputViewController.swift */ = {isa = PBXFileReference; fileEncoding = 4; lastKnownFileType = sourcecode.swift; path = InputViewController.swift; sourceTree = "<group>"; };
		37FCEE431D7FA55500A74FDC /* TagsRecomendator.swift */ = {isa = PBXFileReference; fileEncoding = 4; lastKnownFileType = sourcecode.swift; path = TagsRecomendator.swift; sourceTree = "<group>"; };
		B9646F4B1D8A4D66000516D9 /* Isaacs-Bridging-Header.h */ = {isa = PBXFileReference; lastKnownFileType = sourcecode.c.h; path = "Isaacs-Bridging-Header.h"; sourceTree = "<group>"; };
		B9646F641D8A4DF3000516D9 /* Content.swift */ = {isa = PBXFileReference; fileEncoding = 4; lastKnownFileType = sourcecode.swift; name = Content.swift; path = ../Content.swift; sourceTree = "<group>"; };
		B9646F661D8A4DF3000516D9 /* Story.swift */ = {isa = PBXFileReference; fileEncoding = 4; lastKnownFileType = sourcecode.swift; name = Story.swift; path = ../Story.swift; sourceTree = "<group>"; };
		B964D9C51D7D018900033B13 /* PictureCaptureViewController.swift */ = {isa = PBXFileReference; fileEncoding = 4; lastKnownFileType = sourcecode.swift; path = PictureCaptureViewController.swift; sourceTree = "<group>"; };
		B964D9C71D7D01A700033B13 /* TextCaptureViewController.swift */ = {isa = PBXFileReference; fileEncoding = 4; lastKnownFileType = sourcecode.swift; path = TextCaptureViewController.swift; sourceTree = "<group>"; };
		B964D9C91D7D01C100033B13 /* ContactCaptureViewController.swift */ = {isa = PBXFileReference; fileEncoding = 4; lastKnownFileType = sourcecode.swift; path = ContactCaptureViewController.swift; sourceTree = "<group>"; };
		B964D9CB1D7D02C900033B13 /* AudioCaptureViewController.swift */ = {isa = PBXFileReference; fileEncoding = 4; lastKnownFileType = sourcecode.swift; path = AudioCaptureViewController.swift; sourceTree = "<group>"; };
		B964D9CD1D7D02ED00033B13 /* StoryListViewController.swift */ = {isa = PBXFileReference; fileEncoding = 4; lastKnownFileType = sourcecode.swift; path = StoryListViewController.swift; sourceTree = "<group>"; };
		B964D9CF1D7D030800033B13 /* StoryDetailViewController.swift */ = {isa = PBXFileReference; fileEncoding = 4; lastKnownFileType = sourcecode.swift; path = StoryDetailViewController.swift; sourceTree = "<group>"; };
		B964D9D11D7D033E00033B13 /* PictureCardCollectionViewCell.swift */ = {isa = PBXFileReference; fileEncoding = 4; lastKnownFileType = sourcecode.swift; path = PictureCardCollectionViewCell.swift; sourceTree = "<group>"; };
		B964D9D31D7D035000033B13 /* TextCardCollectionViewCell.swift */ = {isa = PBXFileReference; fileEncoding = 4; lastKnownFileType = sourcecode.swift; path = TextCardCollectionViewCell.swift; sourceTree = "<group>"; };
		B964D9D51D7D035D00033B13 /* ContactCardCollectionViewCell.swift */ = {isa = PBXFileReference; fileEncoding = 4; lastKnownFileType = sourcecode.swift; path = ContactCardCollectionViewCell.swift; sourceTree = "<group>"; };
		B964D9D71D7D037500033B13 /* AudioCardCollectionViewCell.swift */ = {isa = PBXFileReference; fileEncoding = 4; lastKnownFileType = sourcecode.swift; path = AudioCardCollectionViewCell.swift; sourceTree = "<group>"; };
		B964D9D91D7D039300033B13 /* PictureCardView.xib */ = {isa = PBXFileReference; fileEncoding = 4; lastKnownFileType = file.xib; path = PictureCardView.xib; sourceTree = "<group>"; };
		B964D9DB1D7D03A700033B13 /* TextCardView.xib */ = {isa = PBXFileReference; fileEncoding = 4; lastKnownFileType = file.xib; path = TextCardView.xib; sourceTree = "<group>"; };
		B964D9DD1D7D03B400033B13 /* ContactCardView.xib */ = {isa = PBXFileReference; fileEncoding = 4; lastKnownFileType = file.xib; path = ContactCardView.xib; sourceTree = "<group>"; };
		B964D9DF1D7D03BE00033B13 /* AudioCardView.xib */ = {isa = PBXFileReference; fileEncoding = 4; lastKnownFileType = file.xib; path = AudioCardView.xib; sourceTree = "<group>"; };
		B96E24601D8787F800182DA3 /* ContentPersistence.swift */ = {isa = PBXFileReference; fileEncoding = 4; lastKnownFileType = sourcecode.swift; path = ContentPersistence.swift; sourceTree = "<group>"; };
		B9A87AAF1D6C9C6C00145B93 /* Isaacs.app */ = {isa = PBXFileReference; explicitFileType = wrapper.application; includeInIndex = 0; path = Isaacs.app; sourceTree = BUILT_PRODUCTS_DIR; };
		B9A87AB21D6C9C6D00145B93 /* AppDelegate.swift */ = {isa = PBXFileReference; lastKnownFileType = sourcecode.swift; path = AppDelegate.swift; sourceTree = "<group>"; };
		B9A87AB41D6C9C6D00145B93 /* DashboardViewController.swift */ = {isa = PBXFileReference; lastKnownFileType = sourcecode.swift; path = DashboardViewController.swift; sourceTree = "<group>"; };
		B9A87AB71D6C9C6D00145B93 /* Base */ = {isa = PBXFileReference; lastKnownFileType = file.storyboard; name = Base; path = Base.lproj/Main.storyboard; sourceTree = "<group>"; };
		B9A87AB91D6C9C6D00145B93 /* Assets.xcassets */ = {isa = PBXFileReference; lastKnownFileType = folder.assetcatalog; path = Assets.xcassets; sourceTree = "<group>"; };
		B9A87ABC1D6C9C6D00145B93 /* Base */ = {isa = PBXFileReference; lastKnownFileType = file.storyboard; name = Base; path = Base.lproj/LaunchScreen.storyboard; sourceTree = "<group>"; };
		B9A87ABE1D6C9C6D00145B93 /* Info.plist */ = {isa = PBXFileReference; lastKnownFileType = text.plist.xml; path = Info.plist; sourceTree = "<group>"; };
		B9A87AC31D6C9C6D00145B93 /* IsaacsTests.xctest */ = {isa = PBXFileReference; explicitFileType = wrapper.cfbundle; includeInIndex = 0; path = IsaacsTests.xctest; sourceTree = BUILT_PRODUCTS_DIR; };
		B9A87AC71D6C9C6D00145B93 /* IsaacsTests.swift */ = {isa = PBXFileReference; lastKnownFileType = sourcecode.swift; path = IsaacsTests.swift; sourceTree = "<group>"; };
		B9A87AC91D6C9C6D00145B93 /* Info.plist */ = {isa = PBXFileReference; lastKnownFileType = text.plist.xml; path = Info.plist; sourceTree = "<group>"; };
		B9AD03901D7EF9B400466000 /* CoreData.framework */ = {isa = PBXFileReference; lastKnownFileType = wrapper.framework; name = CoreData.framework; path = System/Library/Frameworks/CoreData.framework; sourceTree = SDKROOT; };
		B9AD03931D7EF9F700466000 /* Stories.xcdatamodel */ = {isa = PBXFileReference; lastKnownFileType = wrapper.xcdatamodel; path = Stories.xcdatamodel; sourceTree = "<group>"; };
		B9AD03CC1D7F02F400466000 /* StoryPersistence.swift */ = {isa = PBXFileReference; fileEncoding = 4; lastKnownFileType = sourcecode.swift; path = StoryPersistence.swift; sourceTree = "<group>"; };
		B9AD04481D7F715800466000 /* DataPersistence.swift */ = {isa = PBXFileReference; fileEncoding = 4; lastKnownFileType = sourcecode.swift; path = DataPersistence.swift; sourceTree = "<group>"; };
/* End PBXFileReference section */

/* Begin PBXFrameworksBuildPhase section */
		B9A87AAC1D6C9C6C00145B93 /* Frameworks */ = {
			isa = PBXFrameworksBuildPhase;
			buildActionMask = 2147483647;
			files = (
				B9AD03911D7EF9B400466000 /* CoreData.framework in Frameworks */,
			);
			runOnlyForDeploymentPostprocessing = 0;
		};
		B9A87AC01D6C9C6D00145B93 /* Frameworks */ = {
			isa = PBXFrameworksBuildPhase;
			buildActionMask = 2147483647;
			files = (
			);
			runOnlyForDeploymentPostprocessing = 0;
		};
/* End PBXFrameworksBuildPhase section */

/* Begin PBXGroup section */
		374565F81D8CACD800E725D7 /* Presentation */ = {
			isa = PBXGroup;
			children = (
				B9AD03D21D7F105600466000 /* AudioCard */,
				B9AD03D11D7F104F00466000 /* ContactCard */,
				B9AD03D01D7F104900466000 /* TextCard */,
				B9AD03CF1D7F104300466000 /* PictureCard */,
			);
			name = Presentation;
			sourceTree = "<group>";
		};
		374565FA1D8CACFD00E725D7 /* Data Entry */ = {
			isa = PBXGroup;
			children = (
				374565EF1D8CABDC00E725D7 /* PhotoTableViewCell.swift */,
				374565F11D8CABF100E725D7 /* TextTableViewCell.swift */,
				374565F31D8CAC3300E725D7 /* ContactTableViewCell.swift */,
				374565F51D8CAC4B00E725D7 /* RecordTableViewCell.swift */,
				374565FB1D8CAD7E00E725D7 /* ModuleCollectionViewCell.swift */,
			);
			name = "Data Entry";
			sourceTree = "<group>";
		};
		B9646F321D8A4D04000516D9 /* Models */ = {
			isa = PBXGroup;
			children = (
				B9646F641D8A4DF3000516D9 /* Content.swift */,
				B9646F661D8A4DF3000516D9 /* Story.swift */,
			);
			name = Models;
			sourceTree = "<group>";
		};
		B964D9C01D7CFF0E00033B13 /* Controllers */ = {
			isa = PBXGroup;
			children = (
				B9A87AB41D6C9C6D00145B93 /* DashboardViewController.swift */,
				B964D9C51D7D018900033B13 /* PictureCaptureViewController.swift */,
				B964D9C71D7D01A700033B13 /* TextCaptureViewController.swift */,
				B964D9C91D7D01C100033B13 /* ContactCaptureViewController.swift */,
				B964D9CB1D7D02C900033B13 /* AudioCaptureViewController.swift */,
				B964D9CD1D7D02ED00033B13 /* StoryListViewController.swift */,
				B964D9CF1D7D030800033B13 /* StoryDetailViewController.swift */,
				378E158A1D882CE400F94008 /* InputViewController.swift */,
				37895A771D8859FE0094E286 /* ConfigurationViewController.swift */,
			);
			name = Controllers;
			sourceTree = "<group>";
		};
		B964D9C41D7D005F00033B13 /* Cards */ = {
			isa = PBXGroup;
			children = (
				374565FA1D8CACFD00E725D7 /* Data Entry */,
				374565F81D8CACD800E725D7 /* Presentation */,
			);
			name = Cards;
			sourceTree = "<group>";
		};
		B9A87AA61D6C9C6C00145B93 = {
			isa = PBXGroup;
			children = (
				B9AD03901D7EF9B400466000 /* CoreData.framework */,
				B9A87AB11D6C9C6C00145B93 /* Isaacs */,
				B9A87AC61D6C9C6D00145B93 /* IsaacsTests */,
				B9A87AB01D6C9C6C00145B93 /* Products */,
				B9646F4B1D8A4D66000516D9 /* Isaacs-Bridging-Header.h */,
			);
			sourceTree = "<group>";
		};
		B9A87AB01D6C9C6C00145B93 /* Products */ = {
			isa = PBXGroup;
			children = (
				B9A87AAF1D6C9C6C00145B93 /* Isaacs.app */,
				B9A87AC31D6C9C6D00145B93 /* IsaacsTests.xctest */,
			);
			name = Products;
			sourceTree = "<group>";
		};
		B9A87AB11D6C9C6C00145B93 /* Isaacs */ = {
			isa = PBXGroup;
			children = (
				B9AD03921D7EF9F700466000 /* Stories.xcdatamodeld */,
				B964D9C41D7D005F00033B13 /* Cards */,
				B9AD038F1D7E60C800466000 /* Logic */,
				B9646F321D8A4D04000516D9 /* Models */,
				B964D9C01D7CFF0E00033B13 /* Controllers */,
				B9A87AB21D6C9C6D00145B93 /* AppDelegate.swift */,
				B9A87AB61D6C9C6D00145B93 /* Main.storyboard */,
				B9A87AB91D6C9C6D00145B93 /* Assets.xcassets */,
				B9A87ABB1D6C9C6D00145B93 /* LaunchScreen.storyboard */,
				B9A87ABE1D6C9C6D00145B93 /* Info.plist */,
			);
			path = Isaacs;
			sourceTree = "<group>";
		};
		B9A87AC61D6C9C6D00145B93 /* IsaacsTests */ = {
			isa = PBXGroup;
			children = (
				B9A87AC71D6C9C6D00145B93 /* IsaacsTests.swift */,
				B9A87AC91D6C9C6D00145B93 /* Info.plist */,
			);
			path = IsaacsTests;
			sourceTree = "<group>";
		};
		B9AD038F1D7E60C800466000 /* Logic */ = {
			isa = PBXGroup;
			children = (
				B9AD03CE1D7F0F9D00466000 /* Add-ins */,
				B9AD03C91D7F028800466000 /* Persistence */,
			);
			name = Logic;
			sourceTree = "<group>";
		};
		B9AD03C91D7F028800466000 /* Persistence */ = {
			isa = PBXGroup;
			children = (
				B9AD03CC1D7F02F400466000 /* StoryPersistence.swift */,
				B9AD04481D7F715800466000 /* DataPersistence.swift */,
				B96E24601D8787F800182DA3 /* ContentPersistence.swift */,
			);
			name = Persistence;
			sourceTree = "<group>";
		};
		B9AD03CE1D7F0F9D00466000 /* Add-ins */ = {
			isa = PBXGroup;
			children = (
				37FCEE431D7FA55500A74FDC /* TagsRecomendator.swift */,
			);
			name = "Add-ins";
			sourceTree = "<group>";
		};
		B9AD03CF1D7F104300466000 /* PictureCard */ = {
			isa = PBXGroup;
			children = (
				B964D9D11D7D033E00033B13 /* PictureCardCollectionViewCell.swift */,
				B964D9D91D7D039300033B13 /* PictureCardView.xib */,
			);
			name = PictureCard;
			sourceTree = "<group>";
		};
		B9AD03D01D7F104900466000 /* TextCard */ = {
			isa = PBXGroup;
			children = (
				B964D9D31D7D035000033B13 /* TextCardCollectionViewCell.swift */,
				B964D9DB1D7D03A700033B13 /* TextCardView.xib */,
			);
			name = TextCard;
			sourceTree = "<group>";
		};
		B9AD03D11D7F104F00466000 /* ContactCard */ = {
			isa = PBXGroup;
			children = (
				B964D9D51D7D035D00033B13 /* ContactCardCollectionViewCell.swift */,
				B964D9DD1D7D03B400033B13 /* ContactCardView.xib */,
			);
			name = ContactCard;
			sourceTree = "<group>";
		};
		B9AD03D21D7F105600466000 /* AudioCard */ = {
			isa = PBXGroup;
			children = (
				B964D9D71D7D037500033B13 /* AudioCardCollectionViewCell.swift */,
				B964D9DF1D7D03BE00033B13 /* AudioCardView.xib */,
			);
			name = AudioCard;
			sourceTree = "<group>";
		};
/* End PBXGroup section */

/* Begin PBXNativeTarget section */
		B9A87AAE1D6C9C6C00145B93 /* Isaacs */ = {
			isa = PBXNativeTarget;
			buildConfigurationList = B9A87ACC1D6C9C6D00145B93 /* Build configuration list for PBXNativeTarget "Isaacs" */;
			buildPhases = (
				B9A87AAB1D6C9C6C00145B93 /* Sources */,
				B9A87AAC1D6C9C6C00145B93 /* Frameworks */,
				B9A87AAD1D6C9C6C00145B93 /* Resources */,
			);
			buildRules = (
			);
			dependencies = (
			);
			name = Isaacs;
			productName = Isaacs;
			productReference = B9A87AAF1D6C9C6C00145B93 /* Isaacs.app */;
			productType = "com.apple.product-type.application";
		};
		B9A87AC21D6C9C6D00145B93 /* IsaacsTests */ = {
			isa = PBXNativeTarget;
			buildConfigurationList = B9A87ACF1D6C9C6D00145B93 /* Build configuration list for PBXNativeTarget "IsaacsTests" */;
			buildPhases = (
				B9A87ABF1D6C9C6D00145B93 /* Sources */,
				B9A87AC01D6C9C6D00145B93 /* Frameworks */,
				B9A87AC11D6C9C6D00145B93 /* Resources */,
			);
			buildRules = (
			);
			dependencies = (
				B9A87AC51D6C9C6D00145B93 /* PBXTargetDependency */,
			);
			name = IsaacsTests;
			productName = IsaacsTests;
			productReference = B9A87AC31D6C9C6D00145B93 /* IsaacsTests.xctest */;
			productType = "com.apple.product-type.bundle.unit-test";
		};
/* End PBXNativeTarget section */

/* Begin PBXProject section */
		B9A87AA71D6C9C6C00145B93 /* Project object */ = {
			isa = PBXProject;
			attributes = {
				LastSwiftUpdateCheck = 0730;
				LastUpgradeCheck = 0730;
				ORGANIZATIONNAME = Inspect;
				TargetAttributes = {
					B9A87AAE1D6C9C6C00145B93 = {
						CreatedOnToolsVersion = 7.3.1;
						LastSwiftMigration = 0800;
					};
					B9A87AC21D6C9C6D00145B93 = {
						CreatedOnToolsVersion = 7.3.1;
						LastSwiftMigration = 0800;
						TestTargetID = B9A87AAE1D6C9C6C00145B93;
					};
				};
			};
			buildConfigurationList = B9A87AAA1D6C9C6C00145B93 /* Build configuration list for PBXProject "Isaacs" */;
			compatibilityVersion = "Xcode 3.2";
			developmentRegion = English;
			hasScannedForEncodings = 0;
			knownRegions = (
				en,
				Base,
			);
			mainGroup = B9A87AA61D6C9C6C00145B93;
			productRefGroup = B9A87AB01D6C9C6C00145B93 /* Products */;
			projectDirPath = "";
			projectRoot = "";
			targets = (
				B9A87AAE1D6C9C6C00145B93 /* Isaacs */,
				B9A87AC21D6C9C6D00145B93 /* IsaacsTests */,
			);
		};
/* End PBXProject section */

/* Begin PBXResourcesBuildPhase section */
		B9A87AAD1D6C9C6C00145B93 /* Resources */ = {
			isa = PBXResourcesBuildPhase;
			buildActionMask = 2147483647;
			files = (
				B964D9DC1D7D03A700033B13 /* TextCardView.xib in Resources */,
				B964D9DE1D7D03B400033B13 /* ContactCardView.xib in Resources */,
				B9A87ABD1D6C9C6D00145B93 /* LaunchScreen.storyboard in Resources */,
				B964D9E01D7D03BE00033B13 /* AudioCardView.xib in Resources */,
				B964D9DA1D7D039300033B13 /* PictureCardView.xib in Resources */,
				B9A87ABA1D6C9C6D00145B93 /* Assets.xcassets in Resources */,
				B9A87AB81D6C9C6D00145B93 /* Main.storyboard in Resources */,
			);
			runOnlyForDeploymentPostprocessing = 0;
		};
		B9A87AC11D6C9C6D00145B93 /* Resources */ = {
			isa = PBXResourcesBuildPhase;
			buildActionMask = 2147483647;
			files = (
			);
			runOnlyForDeploymentPostprocessing = 0;
		};
/* End PBXResourcesBuildPhase section */

/* Begin PBXSourcesBuildPhase section */
		B9A87AAB1D6C9C6C00145B93 /* Sources */ = {
			isa = PBXSourcesBuildPhase;
			buildActionMask = 2147483647;
			files = (
				B964D9D21D7D033E00033B13 /* PictureCardCollectionViewCell.swift in Sources */,
				B964D9D81D7D037500033B13 /* AudioCardCollectionViewCell.swift in Sources */,
				378E158B1D882CE400F94008 /* InputViewController.swift in Sources */,
				B964D9CA1D7D01C100033B13 /* ContactCaptureViewController.swift in Sources */,
				B9A87AB51D6C9C6D00145B93 /* DashboardViewController.swift in Sources */,
				B964D9C61D7D018900033B13 /* PictureCaptureViewController.swift in Sources */,
				B96E24611D8787F800182DA3 /* ContentPersistence.swift in Sources */,
				B964D9C81D7D01A700033B13 /* TextCaptureViewController.swift in Sources */,
				374565FC1D8CAD7E00E725D7 /* ModuleCollectionViewCell.swift in Sources */,
				B9AD04491D7F715800466000 /* DataPersistence.swift in Sources */,
				374565F21D8CABF100E725D7 /* TextTableViewCell.swift in Sources */,
				B9646F681D8A4DF3000516D9 /* Content.swift in Sources */,
				374565F01D8CABDC00E725D7 /* PhotoTableViewCell.swift in Sources */,
				374565F41D8CAC3300E725D7 /* ContactTableViewCell.swift in Sources */,
				374565F61D8CAC4B00E725D7 /* RecordTableViewCell.swift in Sources */,
				B9AD03CD1D7F02F400466000 /* StoryPersistence.swift in Sources */,
				37895A781D8859FE0094E286 /* ConfigurationViewController.swift in Sources */,
				B964D9D61D7D035D00033B13 /* ContactCardCollectionViewCell.swift in Sources */,
				B964D9CC1D7D02C900033B13 /* AudioCaptureViewController.swift in Sources */,
				B9646F6A1D8A4DF3000516D9 /* Story.swift in Sources */,
				B964D9D41D7D035000033B13 /* TextCardCollectionViewCell.swift in Sources */,
				37FCEE441D7FA55500A74FDC /* TagsRecomendator.swift in Sources */,
				B964D9D01D7D030800033B13 /* StoryDetailViewController.swift in Sources */,
				B964D9CE1D7D02ED00033B13 /* StoryListViewController.swift in Sources */,
				B9A87AB31D6C9C6D00145B93 /* AppDelegate.swift in Sources */,
				B9AD03941D7EF9F700466000 /* Stories.xcdatamodeld in Sources */,
			);
			runOnlyForDeploymentPostprocessing = 0;
		};
		B9A87ABF1D6C9C6D00145B93 /* Sources */ = {
			isa = PBXSourcesBuildPhase;
			buildActionMask = 2147483647;
			files = (
				B9A87AC81D6C9C6D00145B93 /* IsaacsTests.swift in Sources */,
			);
			runOnlyForDeploymentPostprocessing = 0;
		};
/* End PBXSourcesBuildPhase section */

/* Begin PBXTargetDependency section */
		B9A87AC51D6C9C6D00145B93 /* PBXTargetDependency */ = {
			isa = PBXTargetDependency;
			target = B9A87AAE1D6C9C6C00145B93 /* Isaacs */;
			targetProxy = B9A87AC41D6C9C6D00145B93 /* PBXContainerItemProxy */;
		};
/* End PBXTargetDependency section */

/* Begin PBXVariantGroup section */
		B9A87AB61D6C9C6D00145B93 /* Main.storyboard */ = {
			isa = PBXVariantGroup;
			children = (
				B9A87AB71D6C9C6D00145B93 /* Base */,
			);
			name = Main.storyboard;
			sourceTree = "<group>";
		};
		B9A87ABB1D6C9C6D00145B93 /* LaunchScreen.storyboard */ = {
			isa = PBXVariantGroup;
			children = (
				B9A87ABC1D6C9C6D00145B93 /* Base */,
			);
			name = LaunchScreen.storyboard;
			sourceTree = "<group>";
		};
/* End PBXVariantGroup section */

/* Begin XCBuildConfiguration section */
		B9A87ACA1D6C9C6D00145B93 /* Debug */ = {
			isa = XCBuildConfiguration;
			buildSettings = {
				ALWAYS_SEARCH_USER_PATHS = NO;
				CLANG_ANALYZER_NONNULL = YES;
				CLANG_CXX_LANGUAGE_STANDARD = "gnu++0x";
				CLANG_CXX_LIBRARY = "libc++";
				CLANG_ENABLE_MODULES = YES;
				CLANG_ENABLE_OBJC_ARC = YES;
				CLANG_WARN_BOOL_CONVERSION = YES;
				CLANG_WARN_CONSTANT_CONVERSION = YES;
				CLANG_WARN_DIRECT_OBJC_ISA_USAGE = YES_ERROR;
				CLANG_WARN_EMPTY_BODY = YES;
				CLANG_WARN_ENUM_CONVERSION = YES;
				CLANG_WARN_INT_CONVERSION = YES;
				CLANG_WARN_OBJC_ROOT_CLASS = YES_ERROR;
				CLANG_WARN_UNREACHABLE_CODE = YES;
				CLANG_WARN__DUPLICATE_METHOD_MATCH = YES;
				"CODE_SIGN_IDENTITY[sdk=iphoneos*]" = "iPhone Developer";
				COPY_PHASE_STRIP = NO;
				DEBUG_INFORMATION_FORMAT = dwarf;
				ENABLE_STRICT_OBJC_MSGSEND = YES;
				ENABLE_TESTABILITY = YES;
				GCC_C_LANGUAGE_STANDARD = gnu99;
				GCC_DYNAMIC_NO_PIC = NO;
				GCC_NO_COMMON_BLOCKS = YES;
				GCC_OPTIMIZATION_LEVEL = 0;
				GCC_PREPROCESSOR_DEFINITIONS = (
					"DEBUG=1",
					"$(inherited)",
				);
				GCC_WARN_64_TO_32_BIT_CONVERSION = YES;
				GCC_WARN_ABOUT_RETURN_TYPE = YES_ERROR;
				GCC_WARN_UNDECLARED_SELECTOR = YES;
				GCC_WARN_UNINITIALIZED_AUTOS = YES_AGGRESSIVE;
				GCC_WARN_UNUSED_FUNCTION = YES;
				GCC_WARN_UNUSED_VARIABLE = YES;
				IPHONEOS_DEPLOYMENT_TARGET = 9.3;
				MTL_ENABLE_DEBUG_INFO = YES;
				ONLY_ACTIVE_ARCH = YES;
				SDKROOT = iphoneos;
				SWIFT_OPTIMIZATION_LEVEL = "-Onone";
				TARGETED_DEVICE_FAMILY = "1,2";
			};
			name = Debug;
		};
		B9A87ACB1D6C9C6D00145B93 /* Release */ = {
			isa = XCBuildConfiguration;
			buildSettings = {
				ALWAYS_SEARCH_USER_PATHS = NO;
				CLANG_ANALYZER_NONNULL = YES;
				CLANG_CXX_LANGUAGE_STANDARD = "gnu++0x";
				CLANG_CXX_LIBRARY = "libc++";
				CLANG_ENABLE_MODULES = YES;
				CLANG_ENABLE_OBJC_ARC = YES;
				CLANG_WARN_BOOL_CONVERSION = YES;
				CLANG_WARN_CONSTANT_CONVERSION = YES;
				CLANG_WARN_DIRECT_OBJC_ISA_USAGE = YES_ERROR;
				CLANG_WARN_EMPTY_BODY = YES;
				CLANG_WARN_ENUM_CONVERSION = YES;
				CLANG_WARN_INT_CONVERSION = YES;
				CLANG_WARN_OBJC_ROOT_CLASS = YES_ERROR;
				CLANG_WARN_UNREACHABLE_CODE = YES;
				CLANG_WARN__DUPLICATE_METHOD_MATCH = YES;
				"CODE_SIGN_IDENTITY[sdk=iphoneos*]" = "iPhone Developer";
				COPY_PHASE_STRIP = NO;
				DEBUG_INFORMATION_FORMAT = "dwarf-with-dsym";
				ENABLE_NS_ASSERTIONS = NO;
				ENABLE_STRICT_OBJC_MSGSEND = YES;
				GCC_C_LANGUAGE_STANDARD = gnu99;
				GCC_NO_COMMON_BLOCKS = YES;
				GCC_WARN_64_TO_32_BIT_CONVERSION = YES;
				GCC_WARN_ABOUT_RETURN_TYPE = YES_ERROR;
				GCC_WARN_UNDECLARED_SELECTOR = YES;
				GCC_WARN_UNINITIALIZED_AUTOS = YES_AGGRESSIVE;
				GCC_WARN_UNUSED_FUNCTION = YES;
				GCC_WARN_UNUSED_VARIABLE = YES;
				IPHONEOS_DEPLOYMENT_TARGET = 9.3;
				MTL_ENABLE_DEBUG_INFO = NO;
				SDKROOT = iphoneos;
				TARGETED_DEVICE_FAMILY = "1,2";
				VALIDATE_PRODUCT = YES;
			};
			name = Release;
		};
		B9A87ACD1D6C9C6D00145B93 /* Debug */ = {
			isa = XCBuildConfiguration;
			buildSettings = {
				ASSETCATALOG_COMPILER_APPICON_NAME = AppIcon;
				CLANG_ENABLE_MODULES = YES;
				INFOPLIST_FILE = Isaacs/Info.plist;
				LD_RUNPATH_SEARCH_PATHS = "$(inherited) @executable_path/Frameworks";
				PRODUCT_BUNDLE_IDENTIFIER = com.inspect.Isaacs;
				PRODUCT_NAME = "$(TARGET_NAME)";
				SWIFT_OBJC_BRIDGING_HEADER = "Isaacs-Bridging-Header.h";
				SWIFT_OPTIMIZATION_LEVEL = "-Onone";
				SWIFT_VERSION = 2.3;
			};
			name = Debug;
		};
		B9A87ACE1D6C9C6D00145B93 /* Release */ = {
			isa = XCBuildConfiguration;
			buildSettings = {
				ASSETCATALOG_COMPILER_APPICON_NAME = AppIcon;
				CLANG_ENABLE_MODULES = YES;
				INFOPLIST_FILE = Isaacs/Info.plist;
				LD_RUNPATH_SEARCH_PATHS = "$(inherited) @executable_path/Frameworks";
				PRODUCT_BUNDLE_IDENTIFIER = com.inspect.Isaacs;
				PRODUCT_NAME = "$(TARGET_NAME)";
				SWIFT_OBJC_BRIDGING_HEADER = "Isaacs-Bridging-Header.h";
				SWIFT_VERSION = 2.3;
			};
			name = Release;
		};
		B9A87AD01D6C9C6D00145B93 /* Debug */ = {
			isa = XCBuildConfiguration;
			buildSettings = {
				BUNDLE_LOADER = "$(TEST_HOST)";
				INFOPLIST_FILE = IsaacsTests/Info.plist;
				LD_RUNPATH_SEARCH_PATHS = "$(inherited) @executable_path/Frameworks @loader_path/Frameworks";
				PRODUCT_BUNDLE_IDENTIFIER = com.inspect.IsaacsTests;
				PRODUCT_NAME = "$(TARGET_NAME)";
				SWIFT_VERSION = 2.3;
				TEST_HOST = "$(BUILT_PRODUCTS_DIR)/Isaacs.app/Isaacs";
			};
			name = Debug;
		};
		B9A87AD11D6C9C6D00145B93 /* Release */ = {
			isa = XCBuildConfiguration;
			buildSettings = {
				BUNDLE_LOADER = "$(TEST_HOST)";
				INFOPLIST_FILE = IsaacsTests/Info.plist;
				LD_RUNPATH_SEARCH_PATHS = "$(inherited) @executable_path/Frameworks @loader_path/Frameworks";
				PRODUCT_BUNDLE_IDENTIFIER = com.inspect.IsaacsTests;
				PRODUCT_NAME = "$(TARGET_NAME)";
				SWIFT_VERSION = 2.3;
				TEST_HOST = "$(BUILT_PRODUCTS_DIR)/Isaacs.app/Isaacs";
			};
			name = Release;
		};
/* End XCBuildConfiguration section */

/* Begin XCConfigurationList section */
		B9A87AAA1D6C9C6C00145B93 /* Build configuration list for PBXProject "Isaacs" */ = {
			isa = XCConfigurationList;
			buildConfigurations = (
				B9A87ACA1D6C9C6D00145B93 /* Debug */,
				B9A87ACB1D6C9C6D00145B93 /* Release */,
			);
			defaultConfigurationIsVisible = 0;
			defaultConfigurationName = Release;
		};
		B9A87ACC1D6C9C6D00145B93 /* Build configuration list for PBXNativeTarget "Isaacs" */ = {
			isa = XCConfigurationList;
			buildConfigurations = (
				B9A87ACD1D6C9C6D00145B93 /* Debug */,
				B9A87ACE1D6C9C6D00145B93 /* Release */,
			);
			defaultConfigurationIsVisible = 0;
			defaultConfigurationName = Release;
		};
		B9A87ACF1D6C9C6D00145B93 /* Build configuration list for PBXNativeTarget "IsaacsTests" */ = {
			isa = XCConfigurationList;
			buildConfigurations = (
				B9A87AD01D6C9C6D00145B93 /* Debug */,
				B9A87AD11D6C9C6D00145B93 /* Release */,
			);
			defaultConfigurationIsVisible = 0;
			defaultConfigurationName = Release;
		};
/* End XCConfigurationList section */

/* Begin XCVersionGroup section */
		B9AD03921D7EF9F700466000 /* Stories.xcdatamodeld */ = {
			isa = XCVersionGroup;
			children = (
				B9AD03931D7EF9F700466000 /* Stories.xcdatamodel */,
			);
			currentVersion = B9AD03931D7EF9F700466000 /* Stories.xcdatamodel */;
			name = Stories.xcdatamodeld;
			path = ../Stories.xcdatamodeld;
			sourceTree = "<group>";
			versionGroupType = wrapper.xcdatamodel;
		};
/* End XCVersionGroup section */
	};
	rootObject = B9A87AA71D6C9C6C00145B93 /* Project object */;
}
