// !$*UTF8*$!
{
	archiveVersion = 1;
	classes = {
	};
	objectVersion = 46;
	objects = {

/* Begin PBXBuildFile section */
		B9A87AB31D6C9C6D00145B93 /* AppDelegate.swift in Sources */ = {isa = PBXBuildFile; fileRef = B9A87AB21D6C9C6D00145B93 /* AppDelegate.swift */; };
		B9A87AB51D6C9C6D00145B93 /* ViewController.swift in Sources */ = {isa = PBXBuildFile; fileRef = B9A87AB41D6C9C6D00145B93 /* ViewController.swift */; };
		B9A87AB81D6C9C6D00145B93 /* Main.storyboard in Resources */ = {isa = PBXBuildFile; fileRef = B9A87AB61D6C9C6D00145B93 /* Main.storyboard */; };
		B9A87ABA1D6C9C6D00145B93 /* Assets.xcassets in Resources */ = {isa = PBXBuildFile; fileRef = B9A87AB91D6C9C6D00145B93 /* Assets.xcassets */; };
		B9A87ABD1D6C9C6D00145B93 /* LaunchScreen.storyboard in Resources */ = {isa = PBXBuildFile; fileRef = B9A87ABB1D6C9C6D00145B93 /* LaunchScreen.storyboard */; };
		B9A87AC81D6C9C6D00145B93 /* IsaacsTests.swift in Sources */ = {isa = PBXBuildFile; fileRef = B9A87AC71D6C9C6D00145B93 /* IsaacsTests.swift */; };
/* End PBXBuildFile section */

/* Begin PBXContainerItemProxy section */
		B9A87AC41D6C9C6D00145B93 /* PBXContainerItemProxy */ = {
			isa = PBXContainerItemProxy;
			containerPortal = B9A87AA71D6C9C6C00145B93 /* Project object */;
			proxyType = 1;
			remoteGlobalIDString = B9A87AAE1D6C9C6C00145B93;
			remoteInfo = Isaacs;
		};
/* End PBXContainerItemProxy section */

/* Begin PBXFileReference section */
		B9A87AAF1D6C9C6C00145B93 /* Isaacs.app */ = {isa = PBXFileReference; explicitFileType = wrapper.application; includeInIndex = 0; path = Isaacs.app; sourceTree = BUILT_PRODUCTS_DIR; };
		B9A87AB21D6C9C6D00145B93 /* AppDelegate.swift */ = {isa = PBXFileReference; lastKnownFileType = sourcecode.swift; path = AppDelegate.swift; sourceTree = "<group>"; };
		B9A87AB41D6C9C6D00145B93 /* ViewController.swift */ = {isa = PBXFileReference; lastKnownFileType = sourcecode.swift; path = ViewController.swift; sourceTree = "<group>"; };
		B9A87AB71D6C9C6D00145B93 /* Base */ = {isa = PBXFileReference; lastKnownFileType = file.storyboard; name = Base; path = Base.lproj/Main.storyboard; sourceTree = "<group>"; };
		B9A87AB91D6C9C6D00145B93 /* Assets.xcassets */ = {isa = PBXFileReference; lastKnownFileType = folder.assetcatalog; path = Assets.xcassets; sourceTree = "<group>"; };
		B9A87ABC1D6C9C6D00145B93 /* Base */ = {isa = PBXFileReference; lastKnownFileType = file.storyboard; name = Base; path = Base.lproj/LaunchScreen.storyboard; sourceTree = "<group>"; };
		B9A87ABE1D6C9C6D00145B93 /* Info.plist */ = {isa = PBXFileReference; lastKnownFileType = text.plist.xml; path = Info.plist; sourceTree = "<group>"; };
		B9A87AC31D6C9C6D00145B93 /* IsaacsTests.xctest */ = {isa = PBXFileReference; explicitFileType = wrapper.cfbundle; includeInIndex = 0; path = IsaacsTests.xctest; sourceTree = BUILT_PRODUCTS_DIR; };
		B9A87AC71D6C9C6D00145B93 /* IsaacsTests.swift */ = {isa = PBXFileReference; lastKnownFileType = sourcecode.swift; path = IsaacsTests.swift; sourceTree = "<group>"; };
		B9A87AC91D6C9C6D00145B93 /* Info.plist */ = {isa = PBXFileReference; lastKnownFileType = text.plist.xml; path = Info.plist; sourceTree = "<group>"; };
/* End PBXFileReference section */

/* Begin PBXFrameworksBuildPhase section */
		B9A87AAC1D6C9C6C00145B93 /* Frameworks */ = {
			isa = PBXFrameworksBuildPhase;
			buildActionMask = 2147483647;
			files = (
			);
			runOnlyForDeploymentPostprocessing = 0;
		};
		B9A87AC01D6C9C6D00145B93 /* Frameworks */ = {
			isa = PBXFrameworksBuildPhase;
			buildActionMask = 2147483647;
			files = (
			);
			runOnlyForDeploymentPostprocessing = 0;
		};
/* End PBXFrameworksBuildPhase section */

/* Begin PBXGroup section */
		B9A87AA61D6C9C6C00145B93 = {
			isa = PBXGroup;
			children = (
				B9A87AB11D6C9C6C00145B93 /* Isaacs */,
				B9A87AC61D6C9C6D00145B93 /* IsaacsTests */,
				B9A87AB01D6C9C6C00145B93 /* Products */,
			);
			sourceTree = "<group>";
		};
		B9A87AB01D6C9C6C00145B93 /* Products */ = {
			isa = PBXGroup;
			children = (
				B9A87AAF1D6C9C6C00145B93 /* Isaacs.app */,
				B9A87AC31D6C9C6D00145B93 /* IsaacsTests.xctest */,
			);
			name = Products;
			sourceTree = "<group>";
		};
		B9A87AB11D6C9C6C00145B93 /* Isaacs */ = {
			isa = PBXGroup;
			children = (
				B9A87AB21D6C9C6D00145B93 /* AppDelegate.swift */,
				B9A87AB41D6C9C6D00145B93 /* ViewController.swift */,
				B9A87AB61D6C9C6D00145B93 /* Main.storyboard */,
				B9A87AB91D6C9C6D00145B93 /* Assets.xcassets */,
				B9A87ABB1D6C9C6D00145B93 /* LaunchScreen.storyboard */,
				B9A87ABE1D6C9C6D00145B93 /* Info.plist */,
			);
			path = Isaacs;
			sourceTree = "<group>";
		};
		B9A87AC61D6C9C6D00145B93 /* IsaacsTests */ = {
			isa = PBXGroup;
			children = (
				B9A87AC71D6C9C6D00145B93 /* IsaacsTests.swift */,
				B9A87AC91D6C9C6D00145B93 /* Info.plist */,
			);
			path = IsaacsTests;
			sourceTree = "<group>";
		};
/* End PBXGroup section */

/* Begin PBXNativeTarget section */
		B9A87AAE1D6C9C6C00145B93 /* Isaacs */ = {
			isa = PBXNativeTarget;
			buildConfigurationList = B9A87ACC1D6C9C6D00145B93 /* Build configuration list for PBXNativeTarget "Isaacs" */;
			buildPhases = (
				B9A87AAB1D6C9C6C00145B93 /* Sources */,
				B9A87AAC1D6C9C6C00145B93 /* Frameworks */,
				B9A87AAD1D6C9C6C00145B93 /* Resources */,
			);
			buildRules = (
			);
			dependencies = (
			);
			name = Isaacs;
			productName = Isaacs;
			productReference = B9A87AAF1D6C9C6C00145B93 /* Isaacs.app */;
			productType = "com.apple.product-type.application";
		};
		B9A87AC21D6C9C6D00145B93 /* IsaacsTests */ = {
			isa = PBXNativeTarget;
			buildConfigurationList = B9A87ACF1D6C9C6D00145B93 /* Build configuration list for PBXNativeTarget "IsaacsTests" */;
			buildPhases = (
				B9A87ABF1D6C9C6D00145B93 /* Sources */,
				B9A87AC01D6C9C6D00145B93 /* Frameworks */,
				B9A87AC11D6C9C6D00145B93 /* Resources */,
			);
			buildRules = (
			);
			dependencies = (
				B9A87AC51D6C9C6D00145B93 /* PBXTargetDependency */,
			);
			name = IsaacsTests;
			productName = IsaacsTests;
			productReference = B9A87AC31D6C9C6D00145B93 /* IsaacsTests.xctest */;
			productType = "com.apple.product-type.bundle.unit-test";
		};
/* End PBXNativeTarget section */

/* Begin PBXProject section */
		B9A87AA71D6C9C6C00145B93 /* Project object */ = {
			isa = PBXProject;
			attributes = {
				LastSwiftUpdateCheck = 0730;
				LastUpgradeCheck = 0730;
				ORGANIZATIONNAME = Inspect;
				TargetAttributes = {
					B9A87AAE1D6C9C6C00145B93 = {
						CreatedOnToolsVersion = 7.3.1;
					};
					B9A87AC21D6C9C6D00145B93 = {
						CreatedOnToolsVersion = 7.3.1;
						TestTargetID = B9A87AAE1D6C9C6C00145B93;
					};
				};
			};
			buildConfigurationList = B9A87AAA1D6C9C6C00145B93 /* Build configuration list for PBXProject "Isaacs" */;
			compatibilityVersion = "Xcode 3.2";
			developmentRegion = English;
			hasScannedForEncodings = 0;
			knownRegions = (
				en,
				Base,
			);
			mainGroup = B9A87AA61D6C9C6C00145B93;
			productRefGroup = B9A87AB01D6C9C6C00145B93 /* Products */;
			projectDirPath = "";
			projectRoot = "";
			targets = (
				B9A87AAE1D6C9C6C00145B93 /* Isaacs */,
				B9A87AC21D6C9C6D00145B93 /* IsaacsTests */,
			);
		};
/* End PBXProject section */

/* Begin PBXResourcesBuildPhase section */
		B9A87AAD1D6C9C6C00145B93 /* Resources */ = {
			isa = PBXResourcesBuildPhase;
			buildActionMask = 2147483647;
			files = (
				B9A87ABD1D6C9C6D00145B93 /* LaunchScreen.storyboard in Resources */,
				B9A87ABA1D6C9C6D00145B93 /* Assets.xcassets in Resources */,
				B9A87AB81D6C9C6D00145B93 /* Main.storyboard in Resources */,
			);
			runOnlyForDeploymentPostprocessing = 0;
		};
		B9A87AC11D6C9C6D00145B93 /* Resources */ = {
			isa = PBXResourcesBuildPhase;
			buildActionMask = 2147483647;
			files = (
			);
			runOnlyForDeploymentPostprocessing = 0;
		};
/* End PBXResourcesBuildPhase section */

/* Begin PBXSourcesBuildPhase section */
		B9A87AAB1D6C9C6C00145B93 /* Sources */ = {
			isa = PBXSourcesBuildPhase;
			buildActionMask = 2147483647;
			files = (
				B9A87AB51D6C9C6D00145B93 /* ViewController.swift in Sources */,
				B9A87AB31D6C9C6D00145B93 /* AppDelegate.swift in Sources */,
			);
			runOnlyForDeploymentPostprocessing = 0;
		};
		B9A87ABF1D6C9C6D00145B93 /* Sources */ = {
			isa = PBXSourcesBuildPhase;
			buildActionMask = 2147483647;
			files = (
				B9A87AC81D6C9C6D00145B93 /* IsaacsTests.swift in Sources */,
			);
			runOnlyForDeploymentPostprocessing = 0;
		};
/* End PBXSourcesBuildPhase section */

/* Begin PBXTargetDependency section */
		B9A87AC51D6C9C6D00145B93 /* PBXTargetDependency */ = {
			isa = PBXTargetDependency;
			target = B9A87AAE1D6C9C6C00145B93 /* Isaacs */;
			targetProxy = B9A87AC41D6C9C6D00145B93 /* PBXContainerItemProxy */;
		};
/* End PBXTargetDependency section */

/* Begin PBXVariantGroup section */
		B9A87AB61D6C9C6D00145B93 /* Main.storyboard */ = {
			isa = PBXVariantGroup;
			children = (
				B9A87AB71D6C9C6D00145B93 /* Base */,
			);
			name = Main.storyboard;
			sourceTree = "<group>";
		};
		B9A87ABB1D6C9C6D00145B93 /* LaunchScreen.storyboard */ = {
			isa = PBXVariantGroup;
			children = (
				B9A87ABC1D6C9C6D00145B93 /* Base */,
			);
			name = LaunchScreen.storyboard;
			sourceTree = "<group>";
		};
/* End PBXVariantGroup section */

/* Begin XCBuildConfiguration section */
		B9A87ACA1D6C9C6D00145B93 /* Debug */ = {
			isa = XCBuildConfiguration;
			buildSettings = {
				ALWAYS_SEARCH_USER_PATHS = NO;
				CLANG_ANALYZER_NONNULL = YES;
				CLANG_CXX_LANGUAGE_STANDARD = "gnu++0x";
				CLANG_CXX_LIBRARY = "libc++";
				CLANG_ENABLE_MODULES = YES;
				CLANG_ENABLE_OBJC_ARC = YES;
				CLANG_WARN_BOOL_CONVERSION = YES;
				CLANG_WARN_CONSTANT_CONVERSION = YES;
				CLANG_WARN_DIRECT_OBJC_ISA_USAGE = YES_ERROR;
				CLANG_WARN_EMPTY_BODY = YES;
				CLANG_WARN_ENUM_CONVERSION = YES;
				CLANG_WARN_INT_CONVERSION = YES;
				CLANG_WARN_OBJC_ROOT_CLASS = YES_ERROR;
				CLANG_WARN_UNREACHABLE_CODE = YES;
				CLANG_WARN__DUPLICATE_METHOD_MATCH = YES;
				"CODE_SIGN_IDENTITY[sdk=iphoneos*]" = "iPhone Developer";
				COPY_PHASE_STRIP = NO;
				DEBUG_INFORMATION_FORMAT = dwarf;
				ENABLE_STRICT_OBJC_MSGSEND = YES;
				ENABLE_TESTABILITY = YES;
				GCC_C_LANGUAGE_STANDARD = gnu99;
				GCC_DYNAMIC_NO_PIC = NO;
				GCC_NO_COMMON_BLOCKS = YES;
				GCC_OPTIMIZATION_LEVEL = 0;
				GCC_PREPROCESSOR_DEFINITIONS = (
					"DEBUG=1",
					"$(inherited)",
				);
				GCC_WARN_64_TO_32_BIT_CONVERSION = YES;
				GCC_WARN_ABOUT_RETURN_TYPE = YES_ERROR;
				GCC_WARN_UNDECLARED_SELECTOR = YES;
				GCC_WARN_UNINITIALIZED_AUTOS = YES_AGGRESSIVE;
				GCC_WARN_UNUSED_FUNCTION = YES;
				GCC_WARN_UNUSED_VARIABLE = YES;
				IPHONEOS_DEPLOYMENT_TARGET = 9.3;
				MTL_ENABLE_DEBUG_INFO = YES;
				ONLY_ACTIVE_ARCH = YES;
				SDKROOT = iphoneos;
				SWIFT_OPTIMIZATION_LEVEL = "-Onone";
				TARGETED_DEVICE_FAMILY = "1,2";
			};
			name = Debug;
		};
		B9A87ACB1D6C9C6D00145B93 /* Release */ = {
			isa = XCBuildConfiguration;
			buildSettings = {
				ALWAYS_SEARCH_USER_PATHS = NO;
				CLANG_ANALYZER_NONNULL = YES;
				CLANG_CXX_LANGUAGE_STANDARD = "gnu++0x";
				CLANG_CXX_LIBRARY = "libc++";
				CLANG_ENABLE_MODULES = YES;
				CLANG_ENABLE_OBJC_ARC = YES;
				CLANG_WARN_BOOL_CONVERSION = YES;
				CLANG_WARN_CONSTANT_CONVERSION = YES;
				CLANG_WARN_DIRECT_OBJC_ISA_USAGE = YES_ERROR;
				CLANG_WARN_EMPTY_BODY = YES;
				CLANG_WARN_ENUM_CONVERSION = YES;
				CLANG_WARN_INT_CONVERSION = YES;
				CLANG_WARN_OBJC_ROOT_CLASS = YES_ERROR;
				CLANG_WARN_UNREACHABLE_CODE = YES;
				CLANG_WARN__DUPLICATE_METHOD_MATCH = YES;
				"CODE_SIGN_IDENTITY[sdk=iphoneos*]" = "iPhone Developer";
				COPY_PHASE_STRIP = NO;
				DEBUG_INFORMATION_FORMAT = "dwarf-with-dsym";
				ENABLE_NS_ASSERTIONS = NO;
				ENABLE_STRICT_OBJC_MSGSEND = YES;
				GCC_C_LANGUAGE_STANDARD = gnu99;
				GCC_NO_COMMON_BLOCKS = YES;
				GCC_WARN_64_TO_32_BIT_CONVERSION = YES;
				GCC_WARN_ABOUT_RETURN_TYPE = YES_ERROR;
				GCC_WARN_UNDECLARED_SELECTOR = YES;
				GCC_WARN_UNINITIALIZED_AUTOS = YES_AGGRESSIVE;
				GCC_WARN_UNUSED_FUNCTION = YES;
				GCC_WARN_UNUSED_VARIABLE = YES;
				IPHONEOS_DEPLOYMENT_TARGET = 9.3;
				MTL_ENABLE_DEBUG_INFO = NO;
				SDKROOT = iphoneos;
				TARGETED_DEVICE_FAMILY = "1,2";
				VALIDATE_PRODUCT = YES;
			};
			name = Release;
		};
		B9A87ACD1D6C9C6D00145B93 /* Debug */ = {
			isa = XCBuildConfiguration;
			buildSettings = {
				ASSETCATALOG_COMPILER_APPICON_NAME = AppIcon;
				INFOPLIST_FILE = Isaacs/Info.plist;
				LD_RUNPATH_SEARCH_PATHS = "$(inherited) @executable_path/Frameworks";
				PRODUCT_BUNDLE_IDENTIFIER = com.inspect.Isaacs;
				PRODUCT_NAME = "$(TARGET_NAME)";
			};
			name = Debug;
		};
		B9A87ACE1D6C9C6D00145B93 /* Release */ = {
			isa = XCBuildConfiguration;
			buildSettings = {
				ASSETCATALOG_COMPILER_APPICON_NAME = AppIcon;
				INFOPLIST_FILE = Isaacs/Info.plist;
				LD_RUNPATH_SEARCH_PATHS = "$(inherited) @executable_path/Frameworks";
				PRODUCT_BUNDLE_IDENTIFIER = com.inspect.Isaacs;
				PRODUCT_NAME = "$(TARGET_NAME)";
			};
			name = Release;
		};
		B9A87AD01D6C9C6D00145B93 /* Debug */ = {
			isa = XCBuildConfiguration;
			buildSettings = {
				BUNDLE_LOADER = "$(TEST_HOST)";
				INFOPLIST_FILE = IsaacsTests/Info.plist;
				LD_RUNPATH_SEARCH_PATHS = "$(inherited) @executable_path/Frameworks @loader_path/Frameworks";
				PRODUCT_BUNDLE_IDENTIFIER = com.inspect.IsaacsTests;
				PRODUCT_NAME = "$(TARGET_NAME)";
				TEST_HOST = "$(BUILT_PRODUCTS_DIR)/Isaacs.app/Isaacs";
			};
			name = Debug;
		};
		B9A87AD11D6C9C6D00145B93 /* Release */ = {
			isa = XCBuildConfiguration;
			buildSettings = {
				BUNDLE_LOADER = "$(TEST_HOST)";
				INFOPLIST_FILE = IsaacsTests/Info.plist;
				LD_RUNPATH_SEARCH_PATHS = "$(inherited) @executable_path/Frameworks @loader_path/Frameworks";
				PRODUCT_BUNDLE_IDENTIFIER = com.inspect.IsaacsTests;
				PRODUCT_NAME = "$(TARGET_NAME)";
				TEST_HOST = "$(BUILT_PRODUCTS_DIR)/Isaacs.app/Isaacs";
			};
			name = Release;
		};
/* End XCBuildConfiguration section */

/* Begin XCConfigurationList section */
		B9A87AAA1D6C9C6C00145B93 /* Build configuration list for PBXProject "Isaacs" */ = {
			isa = XCConfigurationList;
			buildConfigurations = (
				B9A87ACA1D6C9C6D00145B93 /* Debug */,
				B9A87ACB1D6C9C6D00145B93 /* Release */,
			);
			defaultConfigurationIsVisible = 0;
			defaultConfigurationName = Release;
		};
		B9A87ACC1D6C9C6D00145B93 /* Build configuration list for PBXNativeTarget "Isaacs" */ = {
			isa = XCConfigurationList;
			buildConfigurations = (
				B9A87ACD1D6C9C6D00145B93 /* Debug */,
				B9A87ACE1D6C9C6D00145B93 /* Release */,
			);
			defaultConfigurationIsVisible = 0;
		};
		B9A87ACF1D6C9C6D00145B93 /* Build configuration list for PBXNativeTarget "IsaacsTests" */ = {
			isa = XCConfigurationList;
			buildConfigurations = (
				B9A87AD01D6C9C6D00145B93 /* Debug */,
				B9A87AD11D6C9C6D00145B93 /* Release */,
			);
			defaultConfigurationIsVisible = 0;
		};
/* End XCConfigurationList section */
	};
	rootObject = B9A87AA71D6C9C6C00145B93 /* Project object */;
}
